
Microsoft Visual Studio Solution File, Format Version 12.00
# Visual Studio Version 17
VisualStudioVersion = 17.10.35122.118
MinimumVisualStudioVersion = 10.0.40219.1
Project("{FAE04EC0-301F-11D3-BF4B-00C04F79EFBC}") = "MathGame", "MathGame.csproj", "{46A5739B-D11C-4B1C-9ED4-05A739818049}"
EndProject
Global
	GlobalSection(SolutionConfigurationPlatforms) = preSolution
		Debug|Any CPU = Debug|Any CPU
		Release|Any CPU = Release|Any CPU
	EndGlobalSection
	GlobalSection(ProjectConfigurationPlatforms) = postSolution
		{46A5739B-D11C-4B1C-9ED4-05A739818049}.Debug|Any CPU.ActiveCfg = Debug|Any CPU
		{46A5739B-D11C-4B1C-9ED4-05A739818049}.Debug|Any CPU.Build.0 = Debug|Any CPU
		{46A5739B-D11C-4B1C-9ED4-05A739818049}.Release|Any CPU.ActiveCfg = Release|Any CPU
		{46A5739B-D11C-4B1C-9ED4-05A739818049}.Release|Any CPU.Build.0 = Release|Any CPU
	EndGlobalSection
	GlobalSection(SolutionProperties) = preSolution
		HideSolutionNode = FALSE
	EndGlobalSection
	GlobalSection(ExtensibilityGlobals) = postSolution
		SolutionGuid = {3A03D1E5-E9F7-4F06-A979-B5158F983129}
	EndGlobalSection
EndGlobal
