
Microsoft Visual Studio Solution File, Format Version 12.00
# Visual Studio Version 17
VisualStudioVersion = 17.14.36623.8 d17.14
MinimumVisualStudioVersion = 10.0.40219.1
Project("{FAE04EC0-301F-11D3-BF4B-00C04F79EFBC}") = "MathGame", "MathGame.csproj", "{B2F424E4-EBC6-4E51-B857-6A7AC585109E}"
EndProject
Global
	GlobalSection(SolutionConfigurationPlatforms) = preSolution
		Debug|Any CPU = Debug|Any CPU
		Release|Any CPU = Release|Any CPU
	EndGlobalSection
	GlobalSection(ProjectConfigurationPlatforms) = postSolution
		{B2F424E4-EBC6-4E51-B857-6A7AC585109E}.Debug|Any CPU.ActiveCfg = Debug|Any CPU
		{B2F424E4-EBC6-4E51-B857-6A7AC585109E}.Debug|Any CPU.Build.0 = Debug|Any CPU
		{B2F424E4-EBC6-4E51-B857-6A7AC585109E}.Release|Any CPU.ActiveCfg = Release|Any CPU
		{B2F424E4-EBC6-4E51-B857-6A7AC585109E}.Release|Any CPU.Build.0 = Release|Any CPU
	EndGlobalSection
	GlobalSection(SolutionProperties) = preSolution
		HideSolutionNode = FALSE
	EndGlobalSection
	GlobalSection(ExtensibilityGlobals) = postSolution
		SolutionGuid = {86D50588-C075-44EE-96EE-B89C980A5DC9}
	EndGlobalSection
EndGlobal
