
Microsoft Visual Studio Solution File, Format Version 12.00
# Visual Studio Version 17
VisualStudioVersion = 17.7.34003.232
MinimumVisualStudioVersion = 10.0.40219.1
Project("{FAE04EC0-301F-11D3-BF4B-00C04F79EFBC}") = "MathGame.Matija87", "MathGame.Matija87\MathGame.Matija87.csproj", "{89268C56-E9CC-48F1-8BBC-B0442DEE794A}"
EndProject
Global
	GlobalSection(SolutionConfigurationPlatforms) = preSolution
		Debug|Any CPU = Debug|Any CPU
		Release|Any CPU = Release|Any CPU
	EndGlobalSection
	GlobalSection(ProjectConfigurationPlatforms) = postSolution
		{89268C56-E9CC-48F1-8BBC-B0442DEE794A}.Debug|Any CPU.ActiveCfg = Debug|Any CPU
		{89268C56-E9CC-48F1-8BBC-B0442DEE794A}.Debug|Any CPU.Build.0 = Debug|Any CPU
		{89268C56-E9CC-48F1-8BBC-B0442DEE794A}.Release|Any CPU.ActiveCfg = Release|Any CPU
		{89268C56-E9CC-48F1-8BBC-B0442DEE794A}.Release|Any CPU.Build.0 = Release|Any CPU
	EndGlobalSection
	GlobalSection(SolutionProperties) = preSolution
		HideSolutionNode = FALSE
	EndGlobalSection
	GlobalSection(ExtensibilityGlobals) = postSolution
		SolutionGuid = {5D2FEEDE-C163-4DAB-81F0-66AA1E0A2A63}
	EndGlobalSection
EndGlobal
