
Microsoft Visual Studio Solution File, Format Version 12.00
# Visual Studio Version 17
VisualStudioVersion = 17.8.34330.188
MinimumVisualStudioVersion = 10.0.40219.1
Project("{FAE04EC0-301F-11D3-BF4B-00C04F79EFBC}") = "Console.MathGame.Krisl86", "Console.MathGame.Krisl86.csproj", "{ADE234EE-EE23-4C2D-A9EF-46D3A248C87A}"
EndProject
Global
	GlobalSection(SolutionConfigurationPlatforms) = preSolution
		Debug|Any CPU = Debug|Any CPU
		Release|Any CPU = Release|Any CPU
	EndGlobalSection
	GlobalSection(ProjectConfigurationPlatforms) = postSolution
		{ADE234EE-EE23-4C2D-A9EF-46D3A248C87A}.Debug|Any CPU.ActiveCfg = Debug|Any CPU
		{ADE234EE-EE23-4C2D-A9EF-46D3A248C87A}.Debug|Any CPU.Build.0 = Debug|Any CPU
		{ADE234EE-EE23-4C2D-A9EF-46D3A248C87A}.Release|Any CPU.ActiveCfg = Release|Any CPU
		{ADE234EE-EE23-4C2D-A9EF-46D3A248C87A}.Release|Any CPU.Build.0 = Release|Any CPU
	EndGlobalSection
	GlobalSection(SolutionProperties) = preSolution
		HideSolutionNode = FALSE
	EndGlobalSection
	GlobalSection(ExtensibilityGlobals) = postSolution
		SolutionGuid = {015803CD-049F-4E1A-B661-E5899DDE357A}
	EndGlobalSection
EndGlobal
