
Microsoft Visual Studio Solution File, Format Version 12.00
# Visual Studio Version 17
VisualStudioVersion = 17.7.34031.279
MinimumVisualStudioVersion = 10.0.40219.1
Project("{FAE04EC0-301F-11D3-BF4B-00C04F79EFBC}") = "MathGame.K-MYR", "MathGame.K-MYR\MathGame.K-MYR.csproj", "{C8D968B3-5E8D-4D3F-A64D-A238A19A0654}"
EndProject
Global
	GlobalSection(SolutionConfigurationPlatforms) = preSolution
		Debug|Any CPU = Debug|Any CPU
		Release|Any CPU = Release|Any CPU
	EndGlobalSection
	GlobalSection(ProjectConfigurationPlatforms) = postSolution
		{C8D968B3-5E8D-4D3F-A64D-A238A19A0654}.Debug|Any CPU.ActiveCfg = Debug|Any CPU
		{C8D968B3-5E8D-4D3F-A64D-A238A19A0654}.Debug|Any CPU.Build.0 = Debug|Any CPU
		{C8D968B3-5E8D-4D3F-A64D-A238A19A0654}.Release|Any CPU.ActiveCfg = Release|Any CPU
		{C8D968B3-5E8D-4D3F-A64D-A238A19A0654}.Release|Any CPU.Build.0 = Release|Any CPU
	EndGlobalSection
	GlobalSection(SolutionProperties) = preSolution
		HideSolutionNode = FALSE
	EndGlobalSection
	GlobalSection(ExtensibilityGlobals) = postSolution
		SolutionGuid = {4392BBBF-F0E4-494D-93A0-1DB12491D9D6}
	EndGlobalSection
EndGlobal
