
Microsoft Visual Studio Solution File, Format Version 12.00
# Visual Studio Version 17
VisualStudioVersion = 17.4.33205.214
MinimumVisualStudioVersion = 10.0.40219.1
Project("{FAE04EC0-301F-11D3-BF4B-00C04F79EFBC}") = "mathGame.MartySenpai", "mathGame.MartySenpai\mathGame.MartySenpai.csproj", "{D8CCB4DA-BF89-4B04-8A1F-96DF8BED2327}"
EndProject
Global
	GlobalSection(SolutionConfigurationPlatforms) = preSolution
		Debug|Any CPU = Debug|Any CPU
		Release|Any CPU = Release|Any CPU
	EndGlobalSection
	GlobalSection(ProjectConfigurationPlatforms) = postSolution
		{D8CCB4DA-BF89-4B04-8A1F-96DF8BED2327}.Debug|Any CPU.ActiveCfg = Debug|Any CPU
		{D8CCB4DA-BF89-4B04-8A1F-96DF8BED2327}.Debug|Any CPU.Build.0 = Debug|Any CPU
		{D8CCB4DA-BF89-4B04-8A1F-96DF8BED2327}.Release|Any CPU.ActiveCfg = Release|Any CPU
		{D8CCB4DA-BF89-4B04-8A1F-96DF8BED2327}.Release|Any CPU.Build.0 = Release|Any CPU
	EndGlobalSection
	GlobalSection(SolutionProperties) = preSolution
		HideSolutionNode = FALSE
	EndGlobalSection
	GlobalSection(ExtensibilityGlobals) = postSolution
		SolutionGuid = {4A2FE6C9-8F69-48AA-8416-80498CD48618}
	EndGlobalSection
EndGlobal
