
Microsoft Visual Studio Solution File, Format Version 12.00
Project("{FAE04EC0-301F-11D3-BF4B-00C04F79EFBC}") = "Math Game.Flabidouf", "Math Game.Flabidouf\Math Game.Flabidouf.csproj", "{48BC0677-A63A-4FB6-9523-EE6A1B13E071}"
EndProject
Global
	GlobalSection(SolutionConfigurationPlatforms) = preSolution
		Debug|Any CPU = Debug|Any CPU
		Release|Any CPU = Release|Any CPU
	EndGlobalSection
	GlobalSection(ProjectConfigurationPlatforms) = postSolution
		{48BC0677-A63A-4FB6-9523-EE6A1B13E071}.Debug|Any CPU.ActiveCfg = Debug|Any CPU
		{48BC0677-A63A-4FB6-9523-EE6A1B13E071}.Debug|Any CPU.Build.0 = Debug|Any CPU
		{48BC0677-A63A-4FB6-9523-EE6A1B13E071}.Release|Any CPU.ActiveCfg = Release|Any CPU
		{48BC0677-A63A-4FB6-9523-EE6A1B13E071}.Release|Any CPU.Build.0 = Release|Any CPU
	EndGlobalSection
EndGlobal
