
Microsoft Visual Studio Solution File, Format Version 12.00
# Visual Studio Version 17
VisualStudioVersion = 17.10.35013.160
MinimumVisualStudioVersion = 10.0.40219.1
Project("{FAE04EC0-301F-11D3-BF4B-00C04F79EFBC}") = "MathGame.batus3010", "MathGame.batus3010\MathGame.batus3010.csproj", "{5896A411-ED58-4F5D-BD47-4869EBA42408}"
EndProject
Global
	GlobalSection(SolutionConfigurationPlatforms) = preSolution
		Debug|Any CPU = Debug|Any CPU
		Release|Any CPU = Release|Any CPU
	EndGlobalSection
	GlobalSection(ProjectConfigurationPlatforms) = postSolution
		{5896A411-ED58-4F5D-BD47-4869EBA42408}.Debug|Any CPU.ActiveCfg = Debug|Any CPU
		{5896A411-ED58-4F5D-BD47-4869EBA42408}.Debug|Any CPU.Build.0 = Debug|Any CPU
		{5896A411-ED58-4F5D-BD47-4869EBA42408}.Release|Any CPU.ActiveCfg = Release|Any CPU
		{5896A411-ED58-4F5D-BD47-4869EBA42408}.Release|Any CPU.Build.0 = Release|Any CPU
	EndGlobalSection
	GlobalSection(SolutionProperties) = preSolution
		HideSolutionNode = FALSE
	EndGlobalSection
	GlobalSection(ExtensibilityGlobals) = postSolution
		SolutionGuid = {57A5C532-2F82-408C-9F67-415B89C95C1B}
	EndGlobalSection
EndGlobal
