
Microsoft Visual Studio Solution File, Format Version 12.00
# Visual Studio Version 17
VisualStudioVersion = 17.10.35013.160
MinimumVisualStudioVersion = 10.0.40219.1
Project("{FAE04EC0-301F-11D3-BF4B-00C04F79EFBC}") = "MathGame.alexgit55", "MathGame.alexgit55.csproj", "{55E51164-958A-4038-A4E8-675DCD533A53}"
EndProject
Global
	GlobalSection(SolutionConfigurationPlatforms) = preSolution
		Debug|Any CPU = Debug|Any CPU
		Release|Any CPU = Release|Any CPU
	EndGlobalSection
	GlobalSection(ProjectConfigurationPlatforms) = postSolution
		{55E51164-958A-4038-A4E8-675DCD533A53}.Debug|Any CPU.ActiveCfg = Debug|Any CPU
		{55E51164-958A-4038-A4E8-675DCD533A53}.Debug|Any CPU.Build.0 = Debug|Any CPU
		{55E51164-958A-4038-A4E8-675DCD533A53}.Release|Any CPU.ActiveCfg = Release|Any CPU
		{55E51164-958A-4038-A4E8-675DCD533A53}.Release|Any CPU.Build.0 = Release|Any CPU
	EndGlobalSection
	GlobalSection(SolutionProperties) = preSolution
		HideSolutionNode = FALSE
	EndGlobalSection
	GlobalSection(ExtensibilityGlobals) = postSolution
		SolutionGuid = {2F1437BE-6C40-4AD0-9221-8EE2D7290804}
	EndGlobalSection
EndGlobal
