
Microsoft Visual Studio Solution File, Format Version 12.00
# Visual Studio Version 17
VisualStudioVersion = 17.8.34525.116
MinimumVisualStudioVersion = 10.0.40219.1
Project("{FAE04EC0-301F-11D3-BF4B-00C04F79EFBC}") = "Pugnetta.MathGame", "Pugnetta.MathGame\Pugnetta.MathGame.csproj", "{8FD0BBAF-0281-4A64-9C8F-621A12C65637}"
EndProject
Global
	GlobalSection(SolutionConfigurationPlatforms) = preSolution
		Debug|Any CPU = Debug|Any CPU
		Release|Any CPU = Release|Any CPU
	EndGlobalSection
	GlobalSection(ProjectConfigurationPlatforms) = postSolution
		{8FD0BBAF-0281-4A64-9C8F-621A12C65637}.Debug|Any CPU.ActiveCfg = Debug|Any CPU
		{8FD0BBAF-0281-4A64-9C8F-621A12C65637}.Debug|Any CPU.Build.0 = Debug|Any CPU
		{8FD0BBAF-0281-4A64-9C8F-621A12C65637}.Release|Any CPU.ActiveCfg = Release|Any CPU
		{8FD0BBAF-0281-4A64-9C8F-621A12C65637}.Release|Any CPU.Build.0 = Release|Any CPU
	EndGlobalSection
	GlobalSection(SolutionProperties) = preSolution
		HideSolutionNode = FALSE
	EndGlobalSection
	GlobalSection(ExtensibilityGlobals) = postSolution
		SolutionGuid = {4475A423-2EC8-4F2B-A6AF-FF1FFE35BF90}
	EndGlobalSection
EndGlobal
