
Microsoft Visual Studio Solution File, Format Version 12.00
Project("{FAE04EC0-301F-11D3-BF4B-00C04F79EFBC}") = "MathGame", "MathGame.csproj", "{01F88B4C-A664-4175-A6C7-56BCCF1616C9}"
EndProject
Global
	GlobalSection(SolutionConfigurationPlatforms) = preSolution
		Debug|Any CPU = Debug|Any CPU
		Release|Any CPU = Release|Any CPU
	EndGlobalSection
	GlobalSection(ProjectConfigurationPlatforms) = postSolution
		{01F88B4C-A664-4175-A6C7-56BCCF1616C9}.Debug|Any CPU.ActiveCfg = Debug|Any CPU
		{01F88B4C-A664-4175-A6C7-56BCCF1616C9}.Debug|Any CPU.Build.0 = Debug|Any CPU
		{01F88B4C-A664-4175-A6C7-56BCCF1616C9}.Release|Any CPU.ActiveCfg = Release|Any CPU
		{01F88B4C-A664-4175-A6C7-56BCCF1616C9}.Release|Any CPU.Build.0 = Release|Any CPU
	EndGlobalSection
EndGlobal
