
Microsoft Visual Studio Solution File, Format Version 12.00
# Visual Studio Version 17
VisualStudioVersion = 17.9.34728.123
MinimumVisualStudioVersion = 10.0.40219.1
Project("{FAE04EC0-301F-11D3-BF4B-00C04F79EFBC}") = "MyFirstProgram", "MyFirstProgram\MyFirstProgram.csproj", "{D7E2AFC0-050D-4D05-BE0E-9C5907F3A188}"
EndProject
Global
	GlobalSection(SolutionConfigurationPlatforms) = preSolution
		Debug|Any CPU = Debug|Any CPU
		Release|Any CPU = Release|Any CPU
	EndGlobalSection
	GlobalSection(ProjectConfigurationPlatforms) = postSolution
		{D7E2AFC0-050D-4D05-BE0E-9C5907F3A188}.Debug|Any CPU.ActiveCfg = Debug|Any CPU
		{D7E2AFC0-050D-4D05-BE0E-9C5907F3A188}.Debug|Any CPU.Build.0 = Debug|Any CPU
		{D7E2AFC0-050D-4D05-BE0E-9C5907F3A188}.Release|Any CPU.ActiveCfg = Release|Any CPU
		{D7E2AFC0-050D-4D05-BE0E-9C5907F3A188}.Release|Any CPU.Build.0 = Release|Any CPU
	EndGlobalSection
	GlobalSection(SolutionProperties) = preSolution
		HideSolutionNode = FALSE
	EndGlobalSection
	GlobalSection(ExtensibilityGlobals) = postSolution
		SolutionGuid = {04487026-2ACE-4F0A-B540-59B499108F25}
	EndGlobalSection
EndGlobal
