
Microsoft Visual Studio Solution File, Format Version 12.00
# Visual Studio Version 17
VisualStudioVersion = 17.5.33516.290
MinimumVisualStudioVersion = 10.0.40219.1
Project("{FAE04EC0-301F-11D3-BF4B-00C04F79EFBC}") = "mathGame.Joe-Gregory", "mathGame.Joe-Gregory\mathGame.Joe-Gregory.csproj", "{0CB8D887-E01B-43C7-9368-AC477C7A6A02}"
EndProject
Global
	GlobalSection(SolutionConfigurationPlatforms) = preSolution
		Debug|Any CPU = Debug|Any CPU
		Release|Any CPU = Release|Any CPU
	EndGlobalSection
	GlobalSection(ProjectConfigurationPlatforms) = postSolution
		{0CB8D887-E01B-43C7-9368-AC477C7A6A02}.Debug|Any CPU.ActiveCfg = Debug|Any CPU
		{0CB8D887-E01B-43C7-9368-AC477C7A6A02}.Debug|Any CPU.Build.0 = Debug|Any CPU
		{0CB8D887-E01B-43C7-9368-AC477C7A6A02}.Release|Any CPU.ActiveCfg = Release|Any CPU
		{0CB8D887-E01B-43C7-9368-AC477C7A6A02}.Release|Any CPU.Build.0 = Release|Any CPU
	EndGlobalSection
	GlobalSection(SolutionProperties) = preSolution
		HideSolutionNode = FALSE
	EndGlobalSection
	GlobalSection(ExtensibilityGlobals) = postSolution
		SolutionGuid = {705D2734-E1A3-4467-B605-2B096CBC8278}
	EndGlobalSection
EndGlobal
