
Microsoft Visual Studio Solution File, Format Version 12.00
# Visual Studio Version 17
VisualStudioVersion = 17.7.34031.279
MinimumVisualStudioVersion = 10.0.40219.1
Project("{FAE04EC0-301F-11D3-BF4B-00C04F79EFBC}") = "MathGame-CSA", "MathGame-CSA\MathGame-CSA.csproj", "{FFB81CA9-F050-4959-887B-EA2C242320E2}"
EndProject
Global
	GlobalSection(SolutionConfigurationPlatforms) = preSolution
		Debug|Any CPU = Debug|Any CPU
		Release|Any CPU = Release|Any CPU
	EndGlobalSection
	GlobalSection(ProjectConfigurationPlatforms) = postSolution
		{FFB81CA9-F050-4959-887B-EA2C242320E2}.Debug|Any CPU.ActiveCfg = Debug|Any CPU
		{FFB81CA9-F050-4959-887B-EA2C242320E2}.Debug|Any CPU.Build.0 = Debug|Any CPU
		{FFB81CA9-F050-4959-887B-EA2C242320E2}.Release|Any CPU.ActiveCfg = Release|Any CPU
		{FFB81CA9-F050-4959-887B-EA2C242320E2}.Release|Any CPU.Build.0 = Release|Any CPU
	EndGlobalSection
	GlobalSection(SolutionProperties) = preSolution
		HideSolutionNode = FALSE
	EndGlobalSection
	GlobalSection(ExtensibilityGlobals) = postSolution
		SolutionGuid = {ADB28197-7D83-4ED2-837B-B4981CED5DDF}
	EndGlobalSection
EndGlobal
