
Microsoft Visual Studio Solution File, Format Version 12.00
# Visual Studio Version 17
VisualStudioVersion = 17.3.32901.215
MinimumVisualStudioVersion = 10.0.40219.1
Project("{FAE04EC0-301F-11D3-BF4B-00C04F79EFBC}") = "MathGame", "MathGame\MathGame.csproj", "{1B25C753-371E-46E5-B8E8-47C2130ADF5A}"
EndProject
Global
	GlobalSection(SolutionConfigurationPlatforms) = preSolution
		Debug|Any CPU = Debug|Any CPU
		Release|Any CPU = Release|Any CPU
	EndGlobalSection
	GlobalSection(ProjectConfigurationPlatforms) = postSolution
		{1B25C753-371E-46E5-B8E8-47C2130ADF5A}.Debug|Any CPU.ActiveCfg = Debug|Any CPU
		{1B25C753-371E-46E5-B8E8-47C2130ADF5A}.Debug|Any CPU.Build.0 = Debug|Any CPU
		{1B25C753-371E-46E5-B8E8-47C2130ADF5A}.Release|Any CPU.ActiveCfg = Release|Any CPU
		{1B25C753-371E-46E5-B8E8-47C2130ADF5A}.Release|Any CPU.Build.0 = Release|Any CPU
	EndGlobalSection
	GlobalSection(SolutionProperties) = preSolution
		HideSolutionNode = FALSE
	EndGlobalSection
	GlobalSection(ExtensibilityGlobals) = postSolution
		SolutionGuid = {87DD1C8A-1BC0-48ED-9993-F9E9F2B7509F}
	EndGlobalSection
EndGlobal
