
Microsoft Visual Studio Solution File, Format Version 12.00
# Visual Studio Version 17
VisualStudioVersion = 17.4.33403.182
MinimumVisualStudioVersion = 10.0.40219.1
Project("{FAE04EC0-301F-11D3-BF4B-00C04F79EFBC}") = "ConsoleMathGame", "ConsoleMathGame\ConsoleMathGame.csproj", "{2D744936-824E-4F63-8021-460D026FB85E}"
EndProject
Global
	GlobalSection(SolutionConfigurationPlatforms) = preSolution
		Debug|Any CPU = Debug|Any CPU
		Release|Any CPU = Release|Any CPU
	EndGlobalSection
	GlobalSection(ProjectConfigurationPlatforms) = postSolution
		{2D744936-824E-4F63-8021-460D026FB85E}.Debug|Any CPU.ActiveCfg = Debug|Any CPU
		{2D744936-824E-4F63-8021-460D026FB85E}.Debug|Any CPU.Build.0 = Debug|Any CPU
		{2D744936-824E-4F63-8021-460D026FB85E}.Release|Any CPU.ActiveCfg = Release|Any CPU
		{2D744936-824E-4F63-8021-460D026FB85E}.Release|Any CPU.Build.0 = Release|Any CPU
	EndGlobalSection
	GlobalSection(SolutionProperties) = preSolution
		HideSolutionNode = FALSE
	EndGlobalSection
	GlobalSection(ExtensibilityGlobals) = postSolution
		SolutionGuid = {8CB4EAB8-01DD-4CAD-8739-2DEDEAF3A072}
	EndGlobalSection
EndGlobal
