
Microsoft Visual Studio Solution File, Format Version 12.00
# Visual Studio Version 17
VisualStudioVersion = 17.9.34526.213
MinimumVisualStudioVersion = 10.0.40219.1
Project("{FAE04EC0-301F-11D3-BF4B-00C04F79EFBC}") = "Masherishere.MathGame", "Masherishere.MathGame.csproj", "{02CD6FDF-2C92-4B3E-A03F-6013CF773797}"
EndProject
Global
	GlobalSection(SolutionConfigurationPlatforms) = preSolution
		Debug|Any CPU = Debug|Any CPU
		Release|Any CPU = Release|Any CPU
	EndGlobalSection
	GlobalSection(ProjectConfigurationPlatforms) = postSolution
		{02CD6FDF-2C92-4B3E-A03F-6013CF773797}.Debug|Any CPU.ActiveCfg = Debug|Any CPU
		{02CD6FDF-2C92-4B3E-A03F-6013CF773797}.Debug|Any CPU.Build.0 = Debug|Any CPU
		{02CD6FDF-2C92-4B3E-A03F-6013CF773797}.Release|Any CPU.ActiveCfg = Release|Any CPU
		{02CD6FDF-2C92-4B3E-A03F-6013CF773797}.Release|Any CPU.Build.0 = Release|Any CPU
	EndGlobalSection
	GlobalSection(SolutionProperties) = preSolution
		HideSolutionNode = FALSE
	EndGlobalSection
	GlobalSection(ExtensibilityGlobals) = postSolution
		SolutionGuid = {31B009D7-2631-4313-B8EF-D5700CDD7D7E}
	EndGlobalSection
EndGlobal
