
Microsoft Visual Studio Solution File, Format Version 12.00
# Visual Studio Version 17
VisualStudioVersion = 17.9.34728.123
MinimumVisualStudioVersion = 10.0.40219.1
Project("{FAE04EC0-301F-11D3-BF4B-00C04F79EFBC}") = "Math", "Math\Math.csproj", "{60D5A0B2-9769-42BD-B2AB-ED85F9A56D67}"
EndProject
Global
	GlobalSection(SolutionConfigurationPlatforms) = preSolution
		Debug|Any CPU = Debug|Any CPU
		Release|Any CPU = Release|Any CPU
	EndGlobalSection
	GlobalSection(ProjectConfigurationPlatforms) = postSolution
		{60D5A0B2-9769-42BD-B2AB-ED85F9A56D67}.Debug|Any CPU.ActiveCfg = Debug|Any CPU
		{60D5A0B2-9769-42BD-B2AB-ED85F9A56D67}.Debug|Any CPU.Build.0 = Debug|Any CPU
		{60D5A0B2-9769-42BD-B2AB-ED85F9A56D67}.Release|Any CPU.ActiveCfg = Release|Any CPU
		{60D5A0B2-9769-42BD-B2AB-ED85F9A56D67}.Release|Any CPU.Build.0 = Release|Any CPU
	EndGlobalSection
	GlobalSection(SolutionProperties) = preSolution
		HideSolutionNode = FALSE
	EndGlobalSection
	GlobalSection(ExtensibilityGlobals) = postSolution
		SolutionGuid = {F516A661-2C8D-457A-B613-90953FB040DE}
	EndGlobalSection
EndGlobal
