
Microsoft Visual Studio Solution File, Format Version 12.00
Project("{FAE04EC0-301F-11D3-BF4B-00C04F79EFBC}") = "MathGame.SadePauw", "MathGame.SadePauw.csproj", "{833484B3-9685-4A5B-A48E-E102A02D5399}"
EndProject
Global
	GlobalSection(SolutionConfigurationPlatforms) = preSolution
		Debug|Any CPU = Debug|Any CPU
		Release|Any CPU = Release|Any CPU
	EndGlobalSection
	GlobalSection(ProjectConfigurationPlatforms) = postSolution
		{833484B3-9685-4A5B-A48E-E102A02D5399}.Debug|Any CPU.ActiveCfg = Debug|Any CPU
		{833484B3-9685-4A5B-A48E-E102A02D5399}.Debug|Any CPU.Build.0 = Debug|Any CPU
		{833484B3-9685-4A5B-A48E-E102A02D5399}.Release|Any CPU.ActiveCfg = Release|Any CPU
		{833484B3-9685-4A5B-A48E-E102A02D5399}.Release|Any CPU.Build.0 = Release|Any CPU
	EndGlobalSection
EndGlobal
