
Microsoft Visual Studio Solution File, Format Version 12.00
# Visual Studio Version 17
VisualStudioVersion = 17.5.002.0
MinimumVisualStudioVersion = 10.0.40219.1
Project("{9A19103F-16F7-4668-BE54-9A1E7A4F7556}") = "mathGame.bkohler93", "mathGame.bkohler93\mathGame.bkohler93.csproj", "{ABBF9563-BBA7-4D80-A301-61384987FB83}"
EndProject
Global
	GlobalSection(SolutionConfigurationPlatforms) = preSolution
		Debug|Any CPU = Debug|Any CPU
		Release|Any CPU = Release|Any CPU
	EndGlobalSection
	GlobalSection(ProjectConfigurationPlatforms) = postSolution
		{ABBF9563-BBA7-4D80-A301-61384987FB83}.Debug|Any CPU.ActiveCfg = Debug|Any CPU
		{ABBF9563-BBA7-4D80-A301-61384987FB83}.Debug|Any CPU.Build.0 = Debug|Any CPU
		{ABBF9563-BBA7-4D80-A301-61384987FB83}.Release|Any CPU.ActiveCfg = Release|Any CPU
		{ABBF9563-BBA7-4D80-A301-61384987FB83}.Release|Any CPU.Build.0 = Release|Any CPU
	EndGlobalSection
	GlobalSection(SolutionProperties) = preSolution
		HideSolutionNode = FALSE
	EndGlobalSection
	GlobalSection(ExtensibilityGlobals) = postSolution
		SolutionGuid = {A5306C33-9A36-4A79-AF47-002A1472D1CD}
	EndGlobalSection
EndGlobal
