
Microsoft Visual Studio Solution File, Format Version 12.00
# Visual Studio Version 17
VisualStudioVersion = 17.11.35312.102
MinimumVisualStudioVersion = 10.0.40219.1
Project("{FAE04EC0-301F-11D3-BF4B-00C04F79EFBC}") = "MathGame.mxdex", "MathGame.mxdex.csproj", "{BA1CCC49-799B-4FF5-BCA2-20C0F952D909}"
EndProject
Global
	GlobalSection(SolutionConfigurationPlatforms) = preSolution
		Debug|Any CPU = Debug|Any CPU
		Release|Any CPU = Release|Any CPU
	EndGlobalSection
	GlobalSection(ProjectConfigurationPlatforms) = postSolution
		{BA1CCC49-799B-4FF5-BCA2-20C0F952D909}.Debug|Any CPU.ActiveCfg = Debug|Any CPU
		{BA1CCC49-799B-4FF5-BCA2-20C0F952D909}.Debug|Any CPU.Build.0 = Debug|Any CPU
		{BA1CCC49-799B-4FF5-BCA2-20C0F952D909}.Release|Any CPU.ActiveCfg = Release|Any CPU
		{BA1CCC49-799B-4FF5-BCA2-20C0F952D909}.Release|Any CPU.Build.0 = Release|Any CPU
	EndGlobalSection
	GlobalSection(SolutionProperties) = preSolution
		HideSolutionNode = FALSE
	EndGlobalSection
	GlobalSection(ExtensibilityGlobals) = postSolution
		SolutionGuid = {8578336F-5C29-439C-80EB-DA9E61E82BC8}
	EndGlobalSection
EndGlobal
