
Microsoft Visual Studio Solution File, Format Version 12.00
# Visual Studio Version 17
VisualStudioVersion = 17.6.33815.320
MinimumVisualStudioVersion = 10.0.40219.1
Project("{FAE04EC0-301F-11D3-BF4B-00C04F79EFBC}") = "MathGame", "MathGame\MathGame.csproj", "{0B358FFC-E094-4F97-A111-37C17C31B95E}"
EndProject
Global
	GlobalSection(SolutionConfigurationPlatforms) = preSolution
		Debug|Any CPU = Debug|Any CPU
		Release|Any CPU = Release|Any CPU
	EndGlobalSection
	GlobalSection(ProjectConfigurationPlatforms) = postSolution
		{0B358FFC-E094-4F97-A111-37C17C31B95E}.Debug|Any CPU.ActiveCfg = Debug|Any CPU
		{0B358FFC-E094-4F97-A111-37C17C31B95E}.Debug|Any CPU.Build.0 = Debug|Any CPU
		{0B358FFC-E094-4F97-A111-37C17C31B95E}.Release|Any CPU.ActiveCfg = Release|Any CPU
		{0B358FFC-E094-4F97-A111-37C17C31B95E}.Release|Any CPU.Build.0 = Release|Any CPU
	EndGlobalSection
	GlobalSection(SolutionProperties) = preSolution
		HideSolutionNode = FALSE
	EndGlobalSection
	GlobalSection(ExtensibilityGlobals) = postSolution
		SolutionGuid = {464A63F1-0393-45CA-A940-F5CC46E22F2E}
	EndGlobalSection
EndGlobal
