Microsoft Visual Studio Solution File, Format Version 12.00
# Visual Studio Version 17
VisualStudioVersion = 17.5.2.0
MinimumVisualStudioVersion = 10.0.40219.1
Project("{FAE04EC0-301F-11D3-BF4B-00C04F79EFBC}") = "MathsGame", "MathsGame.csproj", "{53E555B5-416A-4942-634F-D2B83427FBD0}"
EndProject
Global
	GlobalSection(SolutionConfigurationPlatforms) = preSolution
		Debug|Any CPU = Debug|Any CPU
		Release|Any CPU = Release|Any CPU
	EndGlobalSection
	GlobalSection(ProjectConfigurationPlatforms) = postSolution
		{53E555B5-416A-4942-634F-D2B83427FBD0}.Debug|Any CPU.ActiveCfg = Debug|Any CPU
		{53E555B5-416A-4942-634F-D2B83427FBD0}.Debug|Any CPU.Build.0 = Debug|Any CPU
		{53E555B5-416A-4942-634F-D2B83427FBD0}.Release|Any CPU.ActiveCfg = Release|Any CPU
		{53E555B5-416A-4942-634F-D2B83427FBD0}.Release|Any CPU.Build.0 = Release|Any CPU
	EndGlobalSection
	GlobalSection(SolutionProperties) = preSolution
		HideSolutionNode = FALSE
	EndGlobalSection
	GlobalSection(ExtensibilityGlobals) = postSolution
		SolutionGuid = {C68606E7-7494-449D-8E3B-48DEBBEDC287}
	EndGlobalSection
EndGlobal
