
Microsoft Visual Studio Solution File, Format Version 12.00
# Visual Studio Version 17
VisualStudioVersion = 17.11.35303.130
MinimumVisualStudioVersion = 10.0.40219.1
Project("{FAE04EC0-301F-11D3-BF4B-00C04F79EFBC}") = "MathGame", "MathGame\MathGame.csproj", "{F12D3E10-0C82-40F3-9FA3-98D5C5B99BD7}"
EndProject
Global
	GlobalSection(SolutionConfigurationPlatforms) = preSolution
		Debug|Any CPU = Debug|Any CPU
		Release|Any CPU = Release|Any CPU
	EndGlobalSection
	GlobalSection(ProjectConfigurationPlatforms) = postSolution
		{F12D3E10-0C82-40F3-9FA3-98D5C5B99BD7}.Debug|Any CPU.ActiveCfg = Debug|Any CPU
		{F12D3E10-0C82-40F3-9FA3-98D5C5B99BD7}.Debug|Any CPU.Build.0 = Debug|Any CPU
		{F12D3E10-0C82-40F3-9FA3-98D5C5B99BD7}.Release|Any CPU.ActiveCfg = Release|Any CPU
		{F12D3E10-0C82-40F3-9FA3-98D5C5B99BD7}.Release|Any CPU.Build.0 = Release|Any CPU
	EndGlobalSection
	GlobalSection(SolutionProperties) = preSolution
		HideSolutionNode = FALSE
	EndGlobalSection
	GlobalSection(ExtensibilityGlobals) = postSolution
		SolutionGuid = {83EB4B62-A3D7-4636-9BE2-C9B2CBBD1D95}
	EndGlobalSection
EndGlobal
