
Microsoft Visual Studio Solution File, Format Version 12.00
# Visual Studio Version 17
VisualStudioVersion = 17.8.34330.188
MinimumVisualStudioVersion = 10.0.40219.1
Project("{FAE04EC0-301F-11D3-BF4B-00C04F79EFBC}") = "MathGame", "MathGame\MathGame.csproj", "{9C408D60-899D-4400-BD34-E12D142A31FF}"
EndProject
Global
	GlobalSection(SolutionConfigurationPlatforms) = preSolution
		Debug|Any CPU = Debug|Any CPU
		Release|Any CPU = Release|Any CPU
	EndGlobalSection
	GlobalSection(ProjectConfigurationPlatforms) = postSolution
		{9C408D60-899D-4400-BD34-E12D142A31FF}.Debug|Any CPU.ActiveCfg = Debug|Any CPU
		{9C408D60-899D-4400-BD34-E12D142A31FF}.Debug|Any CPU.Build.0 = Debug|Any CPU
		{9C408D60-899D-4400-BD34-E12D142A31FF}.Release|Any CPU.ActiveCfg = Release|Any CPU
		{9C408D60-899D-4400-BD34-E12D142A31FF}.Release|Any CPU.Build.0 = Release|Any CPU
	EndGlobalSection
	GlobalSection(SolutionProperties) = preSolution
		HideSolutionNode = FALSE
	EndGlobalSection
	GlobalSection(ExtensibilityGlobals) = postSolution
		SolutionGuid = {6CD4DCCF-5C00-41A3-A305-99EDA08EF741}
	EndGlobalSection
EndGlobal
