
Microsoft Visual Studio Solution File, Format Version 12.00
# Visual Studio Version 17
VisualStudioVersion = 17.8.34525.116
MinimumVisualStudioVersion = 10.0.40219.1
Project("{FAE04EC0-301F-11D3-BF4B-00C04F79EFBC}") = "MathGame.GaneshS288", "MathGame.GaneshS288\MathGame.GaneshS288.csproj", "{3C73EDC6-8509-4D88-BFE8-82E9B56F8ED3}"
EndProject
Global
	GlobalSection(SolutionConfigurationPlatforms) = preSolution
		Debug|Any CPU = Debug|Any CPU
		Release|Any CPU = Release|Any CPU
	EndGlobalSection
	GlobalSection(ProjectConfigurationPlatforms) = postSolution
		{3C73EDC6-8509-4D88-BFE8-82E9B56F8ED3}.Debug|Any CPU.ActiveCfg = Debug|Any CPU
		{3C73EDC6-8509-4D88-BFE8-82E9B56F8ED3}.Debug|Any CPU.Build.0 = Debug|Any CPU
		{3C73EDC6-8509-4D88-BFE8-82E9B56F8ED3}.Release|Any CPU.ActiveCfg = Release|Any CPU
		{3C73EDC6-8509-4D88-BFE8-82E9B56F8ED3}.Release|Any CPU.Build.0 = Release|Any CPU
	EndGlobalSection
	GlobalSection(SolutionProperties) = preSolution
		HideSolutionNode = FALSE
	EndGlobalSection
	GlobalSection(ExtensibilityGlobals) = postSolution
		SolutionGuid = {7D88BE54-86F0-400E-B76B-06BC2FBE937A}
	EndGlobalSection
EndGlobal
