
Microsoft Visual Studio Solution File, Format Version 12.00
# Visual Studio Version 17
VisualStudioVersion = 17.5.002.0
MinimumVisualStudioVersion = 10.0.40219.1
Project("{9A19103F-16F7-4668-BE54-9A1E7A4F7556}") = "MathGame.nariks", "MathGame.nariks.csproj", "{5847AACC-0110-49B7-B5D6-357F5268695D}"
EndProject
Global
	GlobalSection(SolutionConfigurationPlatforms) = preSolution
		Debug|Any CPU = Debug|Any CPU
		Release|Any CPU = Release|Any CPU
	EndGlobalSection
	GlobalSection(ProjectConfigurationPlatforms) = postSolution
		{5847AACC-0110-49B7-B5D6-357F5268695D}.Debug|Any CPU.ActiveCfg = Debug|Any CPU
		{5847AACC-0110-49B7-B5D6-357F5268695D}.Debug|Any CPU.Build.0 = Debug|Any CPU
		{5847AACC-0110-49B7-B5D6-357F5268695D}.Release|Any CPU.ActiveCfg = Release|Any CPU
		{5847AACC-0110-49B7-B5D6-357F5268695D}.Release|Any CPU.Build.0 = Release|Any CPU
	EndGlobalSection
	GlobalSection(SolutionProperties) = preSolution
		HideSolutionNode = FALSE
	EndGlobalSection
	GlobalSection(ExtensibilityGlobals) = postSolution
		SolutionGuid = {D7BAAD50-5B69-4EE0-9F5F-BC16B7AF1DFA}
	EndGlobalSection
EndGlobal
