
Microsoft Visual Studio Solution File, Format Version 12.00
# Visual Studio Version 17
VisualStudioVersion = 17.5.002.0
MinimumVisualStudioVersion = 10.0.40219.1
Project("{9A19103F-16F7-4668-BE54-9A1E7A4F7556}") = "MathGame", "MathGame.csproj", "{B40E22F2-2455-4DE7-AA8E-059508556748}"
EndProject
Global
	GlobalSection(SolutionConfigurationPlatforms) = preSolution
		Debug|Any CPU = Debug|Any CPU
		Release|Any CPU = Release|Any CPU
	EndGlobalSection
	GlobalSection(ProjectConfigurationPlatforms) = postSolution
		{B40E22F2-2455-4DE7-AA8E-059508556748}.Debug|Any CPU.ActiveCfg = Debug|Any CPU
		{B40E22F2-2455-4DE7-AA8E-059508556748}.Debug|Any CPU.Build.0 = Debug|Any CPU
		{B40E22F2-2455-4DE7-AA8E-059508556748}.Release|Any CPU.ActiveCfg = Release|Any CPU
		{B40E22F2-2455-4DE7-AA8E-059508556748}.Release|Any CPU.Build.0 = Release|Any CPU
	EndGlobalSection
	GlobalSection(SolutionProperties) = preSolution
		HideSolutionNode = FALSE
	EndGlobalSection
	GlobalSection(ExtensibilityGlobals) = postSolution
		SolutionGuid = {878CD897-D379-4465-8B9F-82AFF4A84853}
	EndGlobalSection
EndGlobal
