
Microsoft Visual Studio Solution File, Format Version 12.00
Project("{FAE04EC0-301F-11D3-BF4B-00C04F79EFBC}") = "C-Sharp-Academy", "C-Sharp-Academy.csproj", "{68E030E8-D58C-4A8E-BFAC-C696FA54DC49}"
EndProject
Global
	GlobalSection(SolutionConfigurationPlatforms) = preSolution
		Debug|Any CPU = Debug|Any CPU
		Release|Any CPU = Release|Any CPU
	EndGlobalSection
	GlobalSection(ProjectConfigurationPlatforms) = postSolution
		{68E030E8-D58C-4A8E-BFAC-C696FA54DC49}.Debug|Any CPU.ActiveCfg = Debug|Any CPU
		{68E030E8-D58C-4A8E-BFAC-C696FA54DC49}.Debug|Any CPU.Build.0 = Debug|Any CPU
		{68E030E8-D58C-4A8E-BFAC-C696FA54DC49}.Release|Any CPU.ActiveCfg = Release|Any CPU
		{68E030E8-D58C-4A8E-BFAC-C696FA54DC49}.Release|Any CPU.Build.0 = Release|Any CPU
	EndGlobalSection
EndGlobal
