
Microsoft Visual Studio Solution File, Format Version 12.00
Project("{FAE04EC0-301F-11D3-BF4B-00C04F79EFBC}") = "MathGame.kalsson.App", "MathGame.kalsson.App\MathGame.kalsson.App.csproj", "{BB0922CB-346E-475B-9D5B-03F31C0B9FED}"
EndProject
Global
	GlobalSection(SolutionConfigurationPlatforms) = preSolution
		Debug|Any CPU = Debug|Any CPU
		Release|Any CPU = Release|Any CPU
	EndGlobalSection
	GlobalSection(ProjectConfigurationPlatforms) = postSolution
		{BB0922CB-346E-475B-9D5B-03F31C0B9FED}.Debug|Any CPU.ActiveCfg = Debug|Any CPU
		{BB0922CB-346E-475B-9D5B-03F31C0B9FED}.Debug|Any CPU.Build.0 = Debug|Any CPU
		{BB0922CB-346E-475B-9D5B-03F31C0B9FED}.Release|Any CPU.ActiveCfg = Release|Any CPU
		{BB0922CB-346E-475B-9D5B-03F31C0B9FED}.Release|Any CPU.Build.0 = Release|Any CPU
	EndGlobalSection
EndGlobal
