
Microsoft Visual Studio Solution File, Format Version 12.00
# Visual Studio Version 17
VisualStudioVersion = 17.5.33516.290
MinimumVisualStudioVersion = 10.0.40219.1
Project("{9A19103F-16F7-4668-BE54-9A1E7A4F7556}") = "MathGame.Wolffles", "MathGame.Wolffles.csproj", "{77E1EF79-8392-4645-B453-6DCC9732AB8A}"
EndProject
Global
	GlobalSection(SolutionConfigurationPlatforms) = preSolution
		Debug|Any CPU = Debug|Any CPU
		Release|Any CPU = Release|Any CPU
	EndGlobalSection
	GlobalSection(ProjectConfigurationPlatforms) = postSolution
		{77E1EF79-8392-4645-B453-6DCC9732AB8A}.Debug|Any CPU.ActiveCfg = Debug|Any CPU
		{77E1EF79-8392-4645-B453-6DCC9732AB8A}.Debug|Any CPU.Build.0 = Debug|Any CPU
		{77E1EF79-8392-4645-B453-6DCC9732AB8A}.Release|Any CPU.ActiveCfg = Release|Any CPU
		{77E1EF79-8392-4645-B453-6DCC9732AB8A}.Release|Any CPU.Build.0 = Release|Any CPU
	EndGlobalSection
	GlobalSection(SolutionProperties) = preSolution
		HideSolutionNode = FALSE
	EndGlobalSection
	GlobalSection(ExtensibilityGlobals) = postSolution
		SolutionGuid = {4AEC87F1-1334-43F6-B808-DCF2E25D581F}
	EndGlobalSection
EndGlobal
