
Microsoft Visual Studio Solution File, Format Version 12.00
# Visual Studio Version 17
VisualStudioVersion = 17.5.33516.290
MinimumVisualStudioVersion = 10.0.40219.1
Project("{FAE04EC0-301F-11D3-BF4B-00C04F79EFBC}") = "MathGame.CoreyJordan", "MathGame.CoreyJordan\MathGame.CoreyJordan.csproj", "{31195214-E364-4090-BA2F-9275F5B9F5F5}"
EndProject
Project("{9A19103F-16F7-4668-BE54-9A1E7A4F7556}") = "MathGameLibrary", "..\..\MathGameV2Console\MathGameLibrary\MathGameLibrary.csproj", "{BD9B4985-B582-4029-91A2-BB6BDC8B9527}"
EndProject
Global
	GlobalSection(SolutionConfigurationPlatforms) = preSolution
		Debug|Any CPU = Debug|Any CPU
		Release|Any CPU = Release|Any CPU
	EndGlobalSection
	GlobalSection(ProjectConfigurationPlatforms) = postSolution
		{31195214-E364-4090-BA2F-9275F5B9F5F5}.Debug|Any CPU.ActiveCfg = Debug|Any CPU
		{31195214-E364-4090-BA2F-9275F5B9F5F5}.Debug|Any CPU.Build.0 = Debug|Any CPU
		{31195214-E364-4090-BA2F-9275F5B9F5F5}.Release|Any CPU.ActiveCfg = Release|Any CPU
		{31195214-E364-4090-BA2F-9275F5B9F5F5}.Release|Any CPU.Build.0 = Release|Any CPU
		{BD9B4985-B582-4029-91A2-BB6BDC8B9527}.Debug|Any CPU.ActiveCfg = Debug|Any CPU
		{BD9B4985-B582-4029-91A2-BB6BDC8B9527}.Debug|Any CPU.Build.0 = Debug|Any CPU
		{BD9B4985-B582-4029-91A2-BB6BDC8B9527}.Release|Any CPU.ActiveCfg = Release|Any CPU
		{BD9B4985-B582-4029-91A2-BB6BDC8B9527}.Release|Any CPU.Build.0 = Release|Any CPU
	EndGlobalSection
	GlobalSection(SolutionProperties) = preSolution
		HideSolutionNode = FALSE
	EndGlobalSection
	GlobalSection(ExtensibilityGlobals) = postSolution
		SolutionGuid = {40E45BCA-B716-48BF-A0C8-1393C2FEC69D}
	EndGlobalSection
EndGlobal
