
Microsoft Visual Studio Solution File, Format Version 12.00
# Visual Studio Version 17
VisualStudioVersion = 17.10.35004.147
MinimumVisualStudioVersion = 10.0.40219.1
Project("{FAE04EC0-301F-11D3-BF4B-00C04F79EFBC}") = "MathGame.Wolfieeex", "MathGame.Wolfieeex\MathGame.Wolfieeex.csproj", "{95BAC2F3-8A5B-46FA-9318-B154067310FD}"
EndProject
Global
	GlobalSection(SolutionConfigurationPlatforms) = preSolution
		Debug|Any CPU = Debug|Any CPU
		Release|Any CPU = Release|Any CPU
	EndGlobalSection
	GlobalSection(ProjectConfigurationPlatforms) = postSolution
		{95BAC2F3-8A5B-46FA-9318-B154067310FD}.Debug|Any CPU.ActiveCfg = Debug|Any CPU
		{95BAC2F3-8A5B-46FA-9318-B154067310FD}.Debug|Any CPU.Build.0 = Debug|Any CPU
		{95BAC2F3-8A5B-46FA-9318-B154067310FD}.Release|Any CPU.ActiveCfg = Release|Any CPU
		{95BAC2F3-8A5B-46FA-9318-B154067310FD}.Release|Any CPU.Build.0 = Release|Any CPU
	EndGlobalSection
	GlobalSection(SolutionProperties) = preSolution
		HideSolutionNode = FALSE
	EndGlobalSection
	GlobalSection(ExtensibilityGlobals) = postSolution
		SolutionGuid = {4FC9EEA3-A360-4169-9622-12A1A4CF8FAB}
	EndGlobalSection
EndGlobal
