
Microsoft Visual Studio Solution File, Format Version 12.00
# Visual Studio Version 16
VisualStudioVersion = 25.0.1706.0
MinimumVisualStudioVersion = 10.0.40219.1
Project("{FAE04EC0-301F-11D3-BF4B-00C04F79EFBC}") = "MathGame.MartinL-no", "MathGame.MartinL-no\MathGame.MartinL-no.csproj", "{23201A57-7E41-46A7-8443-EF1F7628E3B5}"
EndProject
Global
	GlobalSection(SolutionConfigurationPlatforms) = preSolution
		Debug|Any CPU = Debug|Any CPU
		Release|Any CPU = Release|Any CPU
	EndGlobalSection
	GlobalSection(ProjectConfigurationPlatforms) = postSolution
		{23201A57-7E41-46A7-8443-EF1F7628E3B5}.Debug|Any CPU.ActiveCfg = Debug|Any CPU
		{23201A57-7E41-46A7-8443-EF1F7628E3B5}.Debug|Any CPU.Build.0 = Debug|Any CPU
		{23201A57-7E41-46A7-8443-EF1F7628E3B5}.Release|Any CPU.ActiveCfg = Release|Any CPU
		{23201A57-7E41-46A7-8443-EF1F7628E3B5}.Release|Any CPU.Build.0 = Release|Any CPU
	EndGlobalSection
	GlobalSection(SolutionProperties) = preSolution
		HideSolutionNode = FALSE
	EndGlobalSection
	GlobalSection(ExtensibilityGlobals) = postSolution
		SolutionGuid = {8BFA7E22-A95E-4766-9DAD-8A121F9CBD05}
	EndGlobalSection
EndGlobal
