
Microsoft Visual Studio Solution File, Format Version 12.00
# Visual Studio Version 17
VisualStudioVersion = 17.5.33516.290
MinimumVisualStudioVersion = 10.0.40219.1
Project("{FAE04EC0-301F-11D3-BF4B-00C04F79EFBC}") = "MathGame.razrog3082", "MathGame.razrog3082\MathGame.razrog3082.csproj", "{08DBD95B-DAC3-4F08-9C73-FD1265FCA578}"
EndProject
Global
	GlobalSection(SolutionConfigurationPlatforms) = preSolution
		Debug|Any CPU = Debug|Any CPU
		Release|Any CPU = Release|Any CPU
	EndGlobalSection
	GlobalSection(ProjectConfigurationPlatforms) = postSolution
		{08DBD95B-DAC3-4F08-9C73-FD1265FCA578}.Debug|Any CPU.ActiveCfg = Debug|Any CPU
		{08DBD95B-DAC3-4F08-9C73-FD1265FCA578}.Debug|Any CPU.Build.0 = Debug|Any CPU
		{08DBD95B-DAC3-4F08-9C73-FD1265FCA578}.Release|Any CPU.ActiveCfg = Release|Any CPU
		{08DBD95B-DAC3-4F08-9C73-FD1265FCA578}.Release|Any CPU.Build.0 = Release|Any CPU
	EndGlobalSection
	GlobalSection(SolutionProperties) = preSolution
		HideSolutionNode = FALSE
	EndGlobalSection
	GlobalSection(ExtensibilityGlobals) = postSolution
		SolutionGuid = {6066E5CC-9675-4322-88BD-1763949AEC08}
	EndGlobalSection
EndGlobal
