
Microsoft Visual Studio Solution File, Format Version 12.00
# Visual Studio Version 17
VisualStudioVersion = 17.14.36623.8 d17.14
MinimumVisualStudioVersion = 10.0.40219.1
Project("{FAE04EC0-301F-11D3-BF4B-00C04F79EFBC}") = "Math Game", "Math Game\Math Game.csproj", "{A1902134-DFE9-409B-ACE2-1385D1A744D1}"
EndProject
Global
	GlobalSection(SolutionConfigurationPlatforms) = preSolution
		Debug|Any CPU = Debug|Any CPU
		Release|Any CPU = Release|Any CPU
	EndGlobalSection
	GlobalSection(ProjectConfigurationPlatforms) = postSolution
		{A1902134-DFE9-409B-ACE2-1385D1A744D1}.Debug|Any CPU.ActiveCfg = Debug|Any CPU
		{A1902134-DFE9-409B-ACE2-1385D1A744D1}.Debug|Any CPU.Build.0 = Debug|Any CPU
		{A1902134-DFE9-409B-ACE2-1385D1A744D1}.Release|Any CPU.ActiveCfg = Release|Any CPU
		{A1902134-DFE9-409B-ACE2-1385D1A744D1}.Release|Any CPU.Build.0 = Release|Any CPU
	EndGlobalSection
	GlobalSection(SolutionProperties) = preSolution
		HideSolutionNode = FALSE
	EndGlobalSection
	GlobalSection(ExtensibilityGlobals) = postSolution
		SolutionGuid = {7AD9F120-CBA7-4627-A32F-403ABC7CD11B}
	EndGlobalSection
EndGlobal
