
Microsoft Visual Studio Solution File, Format Version 12.00
# Visual Studio Version 17
VisualStudioVersion = 17.6.33815.320
MinimumVisualStudioVersion = 10.0.40219.1
Project("{FAE04EC0-301F-11D3-BF4B-00C04F79EFBC}") = "MathGame.Cactus", "MathGame.Cactus.csproj", "{CAD433D4-798A-4B59-B6B2-BFAC6838409A}"
EndProject
Global
	GlobalSection(SolutionConfigurationPlatforms) = preSolution
		Debug|Any CPU = Debug|Any CPU
		Release|Any CPU = Release|Any CPU
	EndGlobalSection
	GlobalSection(ProjectConfigurationPlatforms) = postSolution
		{CAD433D4-798A-4B59-B6B2-BFAC6838409A}.Debug|Any CPU.ActiveCfg = Debug|Any CPU
		{CAD433D4-798A-4B59-B6B2-BFAC6838409A}.Debug|Any CPU.Build.0 = Debug|Any CPU
		{CAD433D4-798A-4B59-B6B2-BFAC6838409A}.Release|Any CPU.ActiveCfg = Release|Any CPU
		{CAD433D4-798A-4B59-B6B2-BFAC6838409A}.Release|Any CPU.Build.0 = Release|Any CPU
	EndGlobalSection
	GlobalSection(SolutionProperties) = preSolution
		HideSolutionNode = FALSE
	EndGlobalSection
	GlobalSection(ExtensibilityGlobals) = postSolution
		SolutionGuid = {E3145982-06B1-49A1-B1CF-67BF7F2FC199}
	EndGlobalSection
EndGlobal
