
Microsoft Visual Studio Solution File, Format Version 12.00
# Visual Studio Version 17
VisualStudioVersion = 17.10.34707.107
MinimumVisualStudioVersion = 10.0.40219.1
Project("{FAE04EC0-301F-11D3-BF4B-00C04F79EFBC}") = "GonzaLorenzo.MathGame", "GonzaLorenzo.MathGame\GonzaLorenzo.MathGame.csproj", "{59EA5C37-CD02-4814-97E5-4D029D8DAF59}"
EndProject
Global
	GlobalSection(SolutionConfigurationPlatforms) = preSolution
		Debug|Any CPU = Debug|Any CPU
		Release|Any CPU = Release|Any CPU
	EndGlobalSection
	GlobalSection(ProjectConfigurationPlatforms) = postSolution
		{59EA5C37-CD02-4814-97E5-4D029D8DAF59}.Debug|Any CPU.ActiveCfg = Debug|Any CPU
		{59EA5C37-CD02-4814-97E5-4D029D8DAF59}.Debug|Any CPU.Build.0 = Debug|Any CPU
		{59EA5C37-CD02-4814-97E5-4D029D8DAF59}.Release|Any CPU.ActiveCfg = Release|Any CPU
		{59EA5C37-CD02-4814-97E5-4D029D8DAF59}.Release|Any CPU.Build.0 = Release|Any CPU
	EndGlobalSection
	GlobalSection(SolutionProperties) = preSolution
		HideSolutionNode = FALSE
	EndGlobalSection
	GlobalSection(ExtensibilityGlobals) = postSolution
		SolutionGuid = {C6568847-4916-4E49-BD7D-2A8D4DEC55BC}
	EndGlobalSection
EndGlobal
