
Microsoft Visual Studio Solution File, Format Version 12.00
# Visual Studio Version 17
VisualStudioVersion = 17.6.33723.286
MinimumVisualStudioVersion = 10.0.40219.1
Project("{FAE04EC0-301F-11D3-BF4B-00C04F79EFBC}") = "MathGame.kmakai", "MathGame.kmakai\MathGame.kmakai.csproj", "{8639C6A1-E7F4-4CA6-A446-DEC05CDDA1BD}"
EndProject
Global
	GlobalSection(SolutionConfigurationPlatforms) = preSolution
		Debug|Any CPU = Debug|Any CPU
		Release|Any CPU = Release|Any CPU
	EndGlobalSection
	GlobalSection(ProjectConfigurationPlatforms) = postSolution
		{8639C6A1-E7F4-4CA6-A446-DEC05CDDA1BD}.Debug|Any CPU.ActiveCfg = Debug|Any CPU
		{8639C6A1-E7F4-4CA6-A446-DEC05CDDA1BD}.Debug|Any CPU.Build.0 = Debug|Any CPU
		{8639C6A1-E7F4-4CA6-A446-DEC05CDDA1BD}.Release|Any CPU.ActiveCfg = Release|Any CPU
		{8639C6A1-E7F4-4CA6-A446-DEC05CDDA1BD}.Release|Any CPU.Build.0 = Release|Any CPU
	EndGlobalSection
	GlobalSection(SolutionProperties) = preSolution
		HideSolutionNode = FALSE
	EndGlobalSection
	GlobalSection(ExtensibilityGlobals) = postSolution
		SolutionGuid = {20221456-D8CF-4285-932A-3BA327538295}
	EndGlobalSection
EndGlobal
