
Microsoft Visual Studio Solution File, Format Version 12.00
# Visual Studio Version 17
VisualStudioVersion = 17.6.33815.320
MinimumVisualStudioVersion = 10.0.40219.1
Project("{FAE04EC0-301F-11D3-BF4B-00C04F79EFBC}") = "MathGame.strawfervor", "MathGame.strawfervor\MathGame.strawfervor.csproj", "{8A37D0B2-F5EC-44E7-AE93-11B9835673F5}"
EndProject
Global
	GlobalSection(SolutionConfigurationPlatforms) = preSolution
		Debug|Any CPU = Debug|Any CPU
		Release|Any CPU = Release|Any CPU
	EndGlobalSection
	GlobalSection(ProjectConfigurationPlatforms) = postSolution
		{8A37D0B2-F5EC-44E7-AE93-11B9835673F5}.Debug|Any CPU.ActiveCfg = Debug|Any CPU
		{8A37D0B2-F5EC-44E7-AE93-11B9835673F5}.Debug|Any CPU.Build.0 = Debug|Any CPU
		{8A37D0B2-F5EC-44E7-AE93-11B9835673F5}.Release|Any CPU.ActiveCfg = Release|Any CPU
		{8A37D0B2-F5EC-44E7-AE93-11B9835673F5}.Release|Any CPU.Build.0 = Release|Any CPU
	EndGlobalSection
	GlobalSection(SolutionProperties) = preSolution
		HideSolutionNode = FALSE
	EndGlobalSection
	GlobalSection(ExtensibilityGlobals) = postSolution
		SolutionGuid = {1E7A8C44-4BF1-4CD4-970A-AFCD13499BFE}
	EndGlobalSection
EndGlobal
