
Microsoft Visual Studio Solution File, Format Version 12.00
# Visual Studio Version 17
VisualStudioVersion = 17.8.34525.116
MinimumVisualStudioVersion = 10.0.40219.1
Project("{9A19103F-16F7-4668-BE54-9A1E7A4F7556}") = "MathGame.HopelessCoding", "MathGame.HopelessCoding\MathGame.HopelessCoding.csproj", "{171C8B28-FCA7-4E2B-9CB0-CC65290355AE}"
EndProject
Global
	GlobalSection(SolutionConfigurationPlatforms) = preSolution
		Debug|Any CPU = Debug|Any CPU
		Release|Any CPU = Release|Any CPU
	EndGlobalSection
	GlobalSection(ProjectConfigurationPlatforms) = postSolution
		{171C8B28-FCA7-4E2B-9CB0-CC65290355AE}.Debug|Any CPU.ActiveCfg = Debug|Any CPU
		{171C8B28-FCA7-4E2B-9CB0-CC65290355AE}.Debug|Any CPU.Build.0 = Debug|Any CPU
		{171C8B28-FCA7-4E2B-9CB0-CC65290355AE}.Release|Any CPU.ActiveCfg = Release|Any CPU
		{171C8B28-FCA7-4E2B-9CB0-CC65290355AE}.Release|Any CPU.Build.0 = Release|Any CPU
	EndGlobalSection
	GlobalSection(SolutionProperties) = preSolution
		HideSolutionNode = FALSE
	EndGlobalSection
	GlobalSection(ExtensibilityGlobals) = postSolution
		SolutionGuid = {DB3A3248-70D0-4A9D-9A35-B37EE0A22082}
	EndGlobalSection
EndGlobal
