
Microsoft Visual Studio Solution File, Format Version 12.00
# Visual Studio Version 17
VisualStudioVersion = 17.7.34003.232
MinimumVisualStudioVersion = 10.0.40219.1
Project("{FAE04EC0-301F-11D3-BF4B-00C04F79EFBC}") = "MathGame", "MathGame.csproj", "{8FD3D911-1780-4B14-B48C-C7AF9F656A19}"
EndProject
Global
	GlobalSection(SolutionConfigurationPlatforms) = preSolution
		Debug|Any CPU = Debug|Any CPU
		Release|Any CPU = Release|Any CPU
	EndGlobalSection
	GlobalSection(ProjectConfigurationPlatforms) = postSolution
		{8FD3D911-1780-4B14-B48C-C7AF9F656A19}.Debug|Any CPU.ActiveCfg = Debug|Any CPU
		{8FD3D911-1780-4B14-B48C-C7AF9F656A19}.Debug|Any CPU.Build.0 = Debug|Any CPU
		{8FD3D911-1780-4B14-B48C-C7AF9F656A19}.Release|Any CPU.ActiveCfg = Release|Any CPU
		{8FD3D911-1780-4B14-B48C-C7AF9F656A19}.Release|Any CPU.Build.0 = Release|Any CPU
	EndGlobalSection
	GlobalSection(SolutionProperties) = preSolution
		HideSolutionNode = FALSE
	EndGlobalSection
	GlobalSection(ExtensibilityGlobals) = postSolution
		SolutionGuid = {482D0129-1A93-46B9-9CD3-D7B0A81DED02}
	EndGlobalSection
EndGlobal
