
Microsoft Visual Studio Solution File, Format Version 12.00
# Visual Studio Version 17
VisualStudioVersion = 17.4.33103.184
MinimumVisualStudioVersion = 10.0.40219.1
Project("{FAE04EC0-301F-11D3-BF4B-00C04F79EFBC}") = "MathGame.4r73m190r0s", "MathGame.4r73m190r0s\MathGame.4r73m190r0s.csproj", "{5A054D25-3494-4D8C-99D8-DE1C26121A56}"
EndProject
Global
	GlobalSection(SolutionConfigurationPlatforms) = preSolution
		Debug|Any CPU = Debug|Any CPU
		Release|Any CPU = Release|Any CPU
	EndGlobalSection
	GlobalSection(ProjectConfigurationPlatforms) = postSolution
		{5A054D25-3494-4D8C-99D8-DE1C26121A56}.Debug|Any CPU.ActiveCfg = Debug|Any CPU
		{5A054D25-3494-4D8C-99D8-DE1C26121A56}.Debug|Any CPU.Build.0 = Debug|Any CPU
		{5A054D25-3494-4D8C-99D8-DE1C26121A56}.Release|Any CPU.ActiveCfg = Release|Any CPU
		{5A054D25-3494-4D8C-99D8-DE1C26121A56}.Release|Any CPU.Build.0 = Release|Any CPU
	EndGlobalSection
	GlobalSection(SolutionProperties) = preSolution
		HideSolutionNode = FALSE
	EndGlobalSection
	GlobalSection(ExtensibilityGlobals) = postSolution
		SolutionGuid = {DED7123B-E1C8-49FD-BB6E-DC9E04D30BFE}
	EndGlobalSection
EndGlobal
