
Microsoft Visual Studio Solution File, Format Version 12.00
# Visual Studio Version 16
VisualStudioVersion = 25.0.1706.13
MinimumVisualStudioVersion = 10.0.40219.1
Project("{FAE04EC0-301F-11D3-BF4B-00C04F79EFBC}") = "MathGame", "MathGame.csproj", "{2129CE09-4D84-4915-95FC-55B4B15DC0C3}"
EndProject
Global
	GlobalSection(SolutionConfigurationPlatforms) = preSolution
		Debug|Any CPU = Debug|Any CPU
		Release|Any CPU = Release|Any CPU
	EndGlobalSection
	GlobalSection(ProjectConfigurationPlatforms) = postSolution
		{2129CE09-4D84-4915-95FC-55B4B15DC0C3}.Debug|Any CPU.ActiveCfg = Debug|Any CPU
		{2129CE09-4D84-4915-95FC-55B4B15DC0C3}.Debug|Any CPU.Build.0 = Debug|Any CPU
		{2129CE09-4D84-4915-95FC-55B4B15DC0C3}.Release|Any CPU.ActiveCfg = Release|Any CPU
		{2129CE09-4D84-4915-95FC-55B4B15DC0C3}.Release|Any CPU.Build.0 = Release|Any CPU
	EndGlobalSection
	GlobalSection(SolutionProperties) = preSolution
		HideSolutionNode = FALSE
	EndGlobalSection
	GlobalSection(ExtensibilityGlobals) = postSolution
		SolutionGuid = {E880740C-5B8A-4BF7-91C4-65C0CE44B85A}
	EndGlobalSection
EndGlobal
