
Microsoft Visual Studio Solution File, Format Version 12.00
# Visual Studio Version 17
VisualStudioVersion = 17.5.002.0
MinimumVisualStudioVersion = 10.0.40219.1
Project("{9A19103F-16F7-4668-BE54-9A1E7A4F7556}") = "MathGame.zen-pb", "MathGame.zen-pb.csproj", "{55C0F0ED-2BB9-418C-99FA-6ACB4FB241B9}"
EndProject
Global
	GlobalSection(SolutionConfigurationPlatforms) = preSolution
		Debug|Any CPU = Debug|Any CPU
		Release|Any CPU = Release|Any CPU
	EndGlobalSection
	GlobalSection(ProjectConfigurationPlatforms) = postSolution
		{55C0F0ED-2BB9-418C-99FA-6ACB4FB241B9}.Debug|Any CPU.ActiveCfg = Debug|Any CPU
		{55C0F0ED-2BB9-418C-99FA-6ACB4FB241B9}.Debug|Any CPU.Build.0 = Debug|Any CPU
		{55C0F0ED-2BB9-418C-99FA-6ACB4FB241B9}.Release|Any CPU.ActiveCfg = Release|Any CPU
		{55C0F0ED-2BB9-418C-99FA-6ACB4FB241B9}.Release|Any CPU.Build.0 = Release|Any CPU
	EndGlobalSection
	GlobalSection(SolutionProperties) = preSolution
		HideSolutionNode = FALSE
	EndGlobalSection
	GlobalSection(ExtensibilityGlobals) = postSolution
		SolutionGuid = {848133E1-4E39-469F-8106-2D572E53B7EB}
	EndGlobalSection
EndGlobal
