
Microsoft Visual Studio Solution File, Format Version 12.00
# Visual Studio Version 17
VisualStudioVersion = 17.5.33516.290
MinimumVisualStudioVersion = 10.0.40219.1
Project("{FAE04EC0-301F-11D3-BF4B-00C04F79EFBC}") = "MathGame.kirielss", "MathGame.kirielss\MathGame.kirielss.csproj", "{4498876B-25C7-461C-B1B3-316B99A31F00}"
EndProject
Global
	GlobalSection(SolutionConfigurationPlatforms) = preSolution
		Debug|Any CPU = Debug|Any CPU
		Release|Any CPU = Release|Any CPU
	EndGlobalSection
	GlobalSection(ProjectConfigurationPlatforms) = postSolution
		{4498876B-25C7-461C-B1B3-316B99A31F00}.Debug|Any CPU.ActiveCfg = Debug|Any CPU
		{4498876B-25C7-461C-B1B3-316B99A31F00}.Debug|Any CPU.Build.0 = Debug|Any CPU
		{4498876B-25C7-461C-B1B3-316B99A31F00}.Release|Any CPU.ActiveCfg = Release|Any CPU
		{4498876B-25C7-461C-B1B3-316B99A31F00}.Release|Any CPU.Build.0 = Release|Any CPU
	EndGlobalSection
	GlobalSection(SolutionProperties) = preSolution
		HideSolutionNode = FALSE
	EndGlobalSection
	GlobalSection(ExtensibilityGlobals) = postSolution
		SolutionGuid = {E2B36653-967A-4761-ADE4-BD5F88A51AE4}
	EndGlobalSection
EndGlobal
