
Microsoft Visual Studio Solution File, Format Version 12.00
# Visual Studio Version 17
VisualStudioVersion = 17.9.34622.214
MinimumVisualStudioVersion = 10.0.40219.1
Project("{FAE04EC0-301F-11D3-BF4B-00C04F79EFBC}") = "MathGame.axxon9999", "MathGame.axxon9999\MathGame.axxon9999.csproj", "{9103A71C-2C29-4BF1-B682-2B2046E7A9DB}"
EndProject
Global
	GlobalSection(SolutionConfigurationPlatforms) = preSolution
		Debug|Any CPU = Debug|Any CPU
		Release|Any CPU = Release|Any CPU
	EndGlobalSection
	GlobalSection(ProjectConfigurationPlatforms) = postSolution
		{9103A71C-2C29-4BF1-B682-2B2046E7A9DB}.Debug|Any CPU.ActiveCfg = Debug|Any CPU
		{9103A71C-2C29-4BF1-B682-2B2046E7A9DB}.Debug|Any CPU.Build.0 = Debug|Any CPU
		{9103A71C-2C29-4BF1-B682-2B2046E7A9DB}.Release|Any CPU.ActiveCfg = Release|Any CPU
		{9103A71C-2C29-4BF1-B682-2B2046E7A9DB}.Release|Any CPU.Build.0 = Release|Any CPU
	EndGlobalSection
	GlobalSection(SolutionProperties) = preSolution
		HideSolutionNode = FALSE
	EndGlobalSection
	GlobalSection(ExtensibilityGlobals) = postSolution
		SolutionGuid = {09D192A5-D0B0-48F3-9D6F-1875189584FB}
	EndGlobalSection
EndGlobal
