
Microsoft Visual Studio Solution File, Format Version 12.00
# Visual Studio Version 17
VisualStudioVersion = 17.5.002.0
MinimumVisualStudioVersion = 10.0.40219.1
Project("{9A19103F-16F7-4668-BE54-9A1E7A4F7556}") = "Luffy.MathGame", "Luffy.MathGame.csproj", "{D6F7313D-3DD3-4D96-80BC-068DE3D8B573}"
EndProject
Global
	GlobalSection(SolutionConfigurationPlatforms) = preSolution
		Debug|Any CPU = Debug|Any CPU
		Release|Any CPU = Release|Any CPU
	EndGlobalSection
	GlobalSection(ProjectConfigurationPlatforms) = postSolution
		{D6F7313D-3DD3-4D96-80BC-068DE3D8B573}.Debug|Any CPU.ActiveCfg = Debug|Any CPU
		{D6F7313D-3DD3-4D96-80BC-068DE3D8B573}.Debug|Any CPU.Build.0 = Debug|Any CPU
		{D6F7313D-3DD3-4D96-80BC-068DE3D8B573}.Release|Any CPU.ActiveCfg = Release|Any CPU
		{D6F7313D-3DD3-4D96-80BC-068DE3D8B573}.Release|Any CPU.Build.0 = Release|Any CPU
	EndGlobalSection
	GlobalSection(SolutionProperties) = preSolution
		HideSolutionNode = FALSE
	EndGlobalSection
	GlobalSection(ExtensibilityGlobals) = postSolution
		SolutionGuid = {DE57B4F9-0244-4BAD-BF6D-A40122A27408}
	EndGlobalSection
EndGlobal
