
Microsoft Visual Studio Solution File, Format Version 12.00
# Visual Studio Version 17
VisualStudioVersion = 17.5.33627.172
MinimumVisualStudioVersion = 10.0.40219.1
Project("{FAE04EC0-301F-11D3-BF4B-00C04F79EFBC}") = "SantoMathGame", "SantoMathGame\SantoMathGame.csproj", "{C01FF4FD-BAE6-4CE8-A75F-7457DE685ED4}"
EndProject
Global
	GlobalSection(SolutionConfigurationPlatforms) = preSolution
		Debug|Any CPU = Debug|Any CPU
		Release|Any CPU = Release|Any CPU
	EndGlobalSection
	GlobalSection(ProjectConfigurationPlatforms) = postSolution
		{C01FF4FD-BAE6-4CE8-A75F-7457DE685ED4}.Debug|Any CPU.ActiveCfg = Debug|Any CPU
		{C01FF4FD-BAE6-4CE8-A75F-7457DE685ED4}.Debug|Any CPU.Build.0 = Debug|Any CPU
		{C01FF4FD-BAE6-4CE8-A75F-7457DE685ED4}.Release|Any CPU.ActiveCfg = Release|Any CPU
		{C01FF4FD-BAE6-4CE8-A75F-7457DE685ED4}.Release|Any CPU.Build.0 = Release|Any CPU
	EndGlobalSection
	GlobalSection(SolutionProperties) = preSolution
		HideSolutionNode = FALSE
	EndGlobalSection
	GlobalSection(ExtensibilityGlobals) = postSolution
		SolutionGuid = {B6BBB42F-2EB2-4E1C-B26C-E09FF4E2A9EC}
	EndGlobalSection
EndGlobal
