
Microsoft Visual Studio Solution File, Format Version 12.00
# Visual Studio Version 17
VisualStudioVersion = 17.9.34728.123
MinimumVisualStudioVersion = 10.0.40219.1
Project("{FAE04EC0-301F-11D3-BF4B-00C04F79EFBC}") = "MyFirstProgram", "MyFirstProgram\MyFirstProgram.csproj", "{499E804C-FC4E-49BF-8DC3-35770F1FE89F}"
EndProject
Global
	GlobalSection(SolutionConfigurationPlatforms) = preSolution
		Debug|Any CPU = Debug|Any CPU
		Release|Any CPU = Release|Any CPU
	EndGlobalSection
	GlobalSection(ProjectConfigurationPlatforms) = postSolution
		{499E804C-FC4E-49BF-8DC3-35770F1FE89F}.Debug|Any CPU.ActiveCfg = Debug|Any CPU
		{499E804C-FC4E-49BF-8DC3-35770F1FE89F}.Debug|Any CPU.Build.0 = Debug|Any CPU
		{499E804C-FC4E-49BF-8DC3-35770F1FE89F}.Release|Any CPU.ActiveCfg = Release|Any CPU
		{499E804C-FC4E-49BF-8DC3-35770F1FE89F}.Release|Any CPU.Build.0 = Release|Any CPU
	EndGlobalSection
	GlobalSection(SolutionProperties) = preSolution
		HideSolutionNode = FALSE
	EndGlobalSection
	GlobalSection(ExtensibilityGlobals) = postSolution
		SolutionGuid = {F7FC0C3E-B35B-4976-9696-6C92A2E21901}
	EndGlobalSection
EndGlobal
