
Microsoft Visual Studio Solution File, Format Version 12.00
# Visual Studio Version 17
VisualStudioVersion = 17.6.33801.468
MinimumVisualStudioVersion = 10.0.40219.1
Project("{FAE04EC0-301F-11D3-BF4B-00C04F79EFBC}") = "MathGame1", "MathGame1\MathGame1.csproj", "{BF0CA454-E666-4F73-B646-F0102AE6B943}"
EndProject
Global
	GlobalSection(SolutionConfigurationPlatforms) = preSolution
		Debug|Any CPU = Debug|Any CPU
		Release|Any CPU = Release|Any CPU
	EndGlobalSection
	GlobalSection(ProjectConfigurationPlatforms) = postSolution
		{BF0CA454-E666-4F73-B646-F0102AE6B943}.Debug|Any CPU.ActiveCfg = Debug|Any CPU
		{BF0CA454-E666-4F73-B646-F0102AE6B943}.Debug|Any CPU.Build.0 = Debug|Any CPU
		{BF0CA454-E666-4F73-B646-F0102AE6B943}.Release|Any CPU.ActiveCfg = Release|Any CPU
		{BF0CA454-E666-4F73-B646-F0102AE6B943}.Release|Any CPU.Build.0 = Release|Any CPU
	EndGlobalSection
	GlobalSection(SolutionProperties) = preSolution
		HideSolutionNode = FALSE
	EndGlobalSection
	GlobalSection(ExtensibilityGlobals) = postSolution
		SolutionGuid = {F1895225-7629-4217-9789-52BDC6A67CFC}
	EndGlobalSection
EndGlobal
