
Microsoft Visual Studio Solution File, Format Version 12.00
# Visual Studio Version 17
VisualStudioVersion = 17.5.33627.172
MinimumVisualStudioVersion = 10.0.40219.1
Project("{FAE04EC0-301F-11D3-BF4B-00C04F79EFBC}") = "MathGame", "MathGame\MathGame.csproj", "{1A52B47D-4DB3-4A1A-A42E-311E4A172156}"
EndProject
Global
	GlobalSection(SolutionConfigurationPlatforms) = preSolution
		Debug|Any CPU = Debug|Any CPU
		Release|Any CPU = Release|Any CPU
	EndGlobalSection
	GlobalSection(ProjectConfigurationPlatforms) = postSolution
		{1A52B47D-4DB3-4A1A-A42E-311E4A172156}.Debug|Any CPU.ActiveCfg = Debug|Any CPU
		{1A52B47D-4DB3-4A1A-A42E-311E4A172156}.Debug|Any CPU.Build.0 = Debug|Any CPU
		{1A52B47D-4DB3-4A1A-A42E-311E4A172156}.Release|Any CPU.ActiveCfg = Release|Any CPU
		{1A52B47D-4DB3-4A1A-A42E-311E4A172156}.Release|Any CPU.Build.0 = Release|Any CPU
	EndGlobalSection
	GlobalSection(SolutionProperties) = preSolution
		HideSolutionNode = FALSE
	EndGlobalSection
	GlobalSection(ExtensibilityGlobals) = postSolution
		SolutionGuid = {B3F1F656-F864-4CB2-9AC8-24DBD2363BE4}
	EndGlobalSection
EndGlobal
