
Microsoft Visual Studio Solution File, Format Version 12.00
# Visual Studio Version 17
VisualStudioVersion = 17.6.33815.320
MinimumVisualStudioVersion = 10.0.40219.1
Project("{FAE04EC0-301F-11D3-BF4B-00C04F79EFBC}") = "MathGame.PizzaSauce", "MathGame.PizzaSauce\MathGame.PizzaSauce.csproj", "{F2A0B895-15A7-4ADA-BAEB-D7348BA94E48}"
EndProject
Global
	GlobalSection(SolutionConfigurationPlatforms) = preSolution
		Debug|Any CPU = Debug|Any CPU
		Release|Any CPU = Release|Any CPU
	EndGlobalSection
	GlobalSection(ProjectConfigurationPlatforms) = postSolution
		{F2A0B895-15A7-4ADA-BAEB-D7348BA94E48}.Debug|Any CPU.ActiveCfg = Debug|Any CPU
		{F2A0B895-15A7-4ADA-BAEB-D7348BA94E48}.Debug|Any CPU.Build.0 = Debug|Any CPU
		{F2A0B895-15A7-4ADA-BAEB-D7348BA94E48}.Release|Any CPU.ActiveCfg = Release|Any CPU
		{F2A0B895-15A7-4ADA-BAEB-D7348BA94E48}.Release|Any CPU.Build.0 = Release|Any CPU
	EndGlobalSection
	GlobalSection(SolutionProperties) = preSolution
		HideSolutionNode = FALSE
	EndGlobalSection
	GlobalSection(ExtensibilityGlobals) = postSolution
		SolutionGuid = {A40592DA-27C7-4180-99AC-0287BD2D8760}
	EndGlobalSection
EndGlobal
