
Microsoft Visual Studio Solution File, Format Version 12.00
# Visual Studio Version 16
VisualStudioVersion = 16.0.30804.86
MinimumVisualStudioVersion = 10.0.40219.1
Project("{FAE04EC0-301F-11D3-BF4B-00C04F79EFBC}") = "MathGame.heartingNinja", "MathGame.heartingNinja\MathGame.heartingNinja.csproj", "{ADD38790-5724-4218-AB04-B070696D53C8}"
EndProject
Global
	GlobalSection(SolutionConfigurationPlatforms) = preSolution
		Debug|Any CPU = Debug|Any CPU
		Release|Any CPU = Release|Any CPU
	EndGlobalSection
	GlobalSection(ProjectConfigurationPlatforms) = postSolution
		{ADD38790-5724-4218-AB04-B070696D53C8}.Debug|Any CPU.ActiveCfg = Debug|Any CPU
		{ADD38790-5724-4218-AB04-B070696D53C8}.Debug|Any CPU.Build.0 = Debug|Any CPU
		{ADD38790-5724-4218-AB04-B070696D53C8}.Release|Any CPU.ActiveCfg = Release|Any CPU
		{ADD38790-5724-4218-AB04-B070696D53C8}.Release|Any CPU.Build.0 = Release|Any CPU
	EndGlobalSection
	GlobalSection(SolutionProperties) = preSolution
		HideSolutionNode = FALSE
	EndGlobalSection
	GlobalSection(ExtensibilityGlobals) = postSolution
		SolutionGuid = {21F82F33-3EDE-4F54-BBC9-C495012CA2A3}
	EndGlobalSection
EndGlobal
