
Microsoft Visual Studio Solution File, Format Version 12.00
# Visual Studio Version 17
VisualStudioVersion = 17.0.31903.59
MinimumVisualStudioVersion = 10.0.40219.1
Project("{FAE04EC0-301F-11D3-BF4B-00C04F79EFBC}") = "Kolejarz.MathGame.ConsoleRunner", "Kolejarz.MathGame.ConsoleRunner\Kolejarz.MathGame.ConsoleRunner.csproj", "{9E984DEB-1469-4678-A751-939CED5D6474}"
EndProject
Project("{FAE04EC0-301F-11D3-BF4B-00C04F79EFBC}") = "Kolejarz.MathGame.GameEngine", "Kolejarz.MathGame.GameEngine\Kolejarz.MathGame.GameEngine.csproj", "{415A1845-3AC2-4F6A-9D7E-FBE58CE93F42}"
EndProject
Global
	GlobalSection(SolutionConfigurationPlatforms) = preSolution
		Debug|Any CPU = Debug|Any CPU
		Release|Any CPU = Release|Any CPU
	EndGlobalSection
	GlobalSection(ProjectConfigurationPlatforms) = postSolution
		{9E984DEB-1469-4678-A751-939CED5D6474}.Debug|Any CPU.ActiveCfg = Debug|Any CPU
		{9E984DEB-1469-4678-A751-939CED5D6474}.Debug|Any CPU.Build.0 = Debug|Any CPU
		{9E984DEB-1469-4678-A751-939CED5D6474}.Release|Any CPU.ActiveCfg = Release|Any CPU
		{9E984DEB-1469-4678-A751-939CED5D6474}.Release|Any CPU.Build.0 = Release|Any CPU
		{415A1845-3AC2-4F6A-9D7E-FBE58CE93F42}.Debug|Any CPU.ActiveCfg = Debug|Any CPU
		{415A1845-3AC2-4F6A-9D7E-FBE58CE93F42}.Debug|Any CPU.Build.0 = Debug|Any CPU
		{415A1845-3AC2-4F6A-9D7E-FBE58CE93F42}.Release|Any CPU.ActiveCfg = Release|Any CPU
		{415A1845-3AC2-4F6A-9D7E-FBE58CE93F42}.Release|Any CPU.Build.0 = Release|Any CPU
	EndGlobalSection
	GlobalSection(SolutionProperties) = preSolution
		HideSolutionNode = FALSE
	EndGlobalSection
	GlobalSection(ExtensibilityGlobals) = postSolution
		SolutionGuid = {4DAC6446-E013-4DDE-A274-290F7B52F654}
	EndGlobalSection
EndGlobal
