
Microsoft Visual Studio Solution File, Format Version 12.00
# Visual Studio Version 17
VisualStudioVersion = 17.6.33801.468
MinimumVisualStudioVersion = 10.0.40219.1
Project("{FAE04EC0-301F-11D3-BF4B-00C04F79EFBC}") = "Math Game DEVHAWKZ", "Math Game DEVHAWKZ\Math Game DEVHAWKZ.csproj", "{DC701456-8F7B-4A0A-BE0B-602390B63E12}"
EndProject
Project("{FAE04EC0-301F-11D3-BF4B-00C04F79EFBC}") = "Math Game lib", "Math Game lib\Math Game lib.csproj", "{873289F3-311D-4CF8-97D8-96A12D292111}"
EndProject
Global
	GlobalSection(SolutionConfigurationPlatforms) = preSolution
		Debug|Any CPU = Debug|Any CPU
		Release|Any CPU = Release|Any CPU
	EndGlobalSection
	GlobalSection(ProjectConfigurationPlatforms) = postSolution
		{DC701456-8F7B-4A0A-BE0B-602390B63E12}.Debug|Any CPU.ActiveCfg = Debug|Any CPU
		{DC701456-8F7B-4A0A-BE0B-602390B63E12}.Debug|Any CPU.Build.0 = Debug|Any CPU
		{DC701456-8F7B-4A0A-BE0B-602390B63E12}.Release|Any CPU.ActiveCfg = Release|Any CPU
		{DC701456-8F7B-4A0A-BE0B-602390B63E12}.Release|Any CPU.Build.0 = Release|Any CPU
		{873289F3-311D-4CF8-97D8-96A12D292111}.Debug|Any CPU.ActiveCfg = Debug|Any CPU
		{873289F3-311D-4CF8-97D8-96A12D292111}.Debug|Any CPU.Build.0 = Debug|Any CPU
		{873289F3-311D-4CF8-97D8-96A12D292111}.Release|Any CPU.ActiveCfg = Release|Any CPU
		{873289F3-311D-4CF8-97D8-96A12D292111}.Release|Any CPU.Build.0 = Release|Any CPU
	EndGlobalSection
	GlobalSection(SolutionProperties) = preSolution
		HideSolutionNode = FALSE
	EndGlobalSection
	GlobalSection(ExtensibilityGlobals) = postSolution
		SolutionGuid = {C4A269C1-0E48-4BFA-A514-1F079577E07E}
	EndGlobalSection
EndGlobal
