
Microsoft Visual Studio Solution File, Format Version 12.00
# Visual Studio Version 17
VisualStudioVersion = 17.6.33801.468
MinimumVisualStudioVersion = 10.0.40219.1
Project("{FAE04EC0-301F-11D3-BF4B-00C04F79EFBC}") = "MathGame.frockett", "MathGame.frockett\MathGame.frockett.csproj", "{27DFBBA0-38F2-4B0B-AE89-5A77FF5B3647}"
EndProject
Global
	GlobalSection(SolutionConfigurationPlatforms) = preSolution
		Debug|Any CPU = Debug|Any CPU
		Release|Any CPU = Release|Any CPU
	EndGlobalSection
	GlobalSection(ProjectConfigurationPlatforms) = postSolution
		{27DFBBA0-38F2-4B0B-AE89-5A77FF5B3647}.Debug|Any CPU.ActiveCfg = Debug|Any CPU
		{27DFBBA0-38F2-4B0B-AE89-5A77FF5B3647}.Debug|Any CPU.Build.0 = Debug|Any CPU
		{27DFBBA0-38F2-4B0B-AE89-5A77FF5B3647}.Release|Any CPU.ActiveCfg = Release|Any CPU
		{27DFBBA0-38F2-4B0B-AE89-5A77FF5B3647}.Release|Any CPU.Build.0 = Release|Any CPU
	EndGlobalSection
	GlobalSection(SolutionProperties) = preSolution
		HideSolutionNode = FALSE
	EndGlobalSection
	GlobalSection(ExtensibilityGlobals) = postSolution
		SolutionGuid = {F69C933A-FC4A-48DE-A525-DFDE0B2656C5}
	EndGlobalSection
EndGlobal
