
Microsoft Visual Studio Solution File, Format Version 12.00
# Visual Studio Version 17
VisualStudioVersion = 17.14.36603.0
MinimumVisualStudioVersion = 10.0.40219.1
Project("{FAE04EC0-301F-11D3-BF4B-00C04F79EFBC}") = "MathGame", "MathGame.csproj", "{FE7A7814-A57D-4D15-BE98-0B48968094AF}"
EndProject
Global
	GlobalSection(SolutionConfigurationPlatforms) = preSolution
		Debug|Any CPU = Debug|Any CPU
		Release|Any CPU = Release|Any CPU
	EndGlobalSection
	GlobalSection(ProjectConfigurationPlatforms) = postSolution
		{FE7A7814-A57D-4D15-BE98-0B48968094AF}.Debug|Any CPU.ActiveCfg = Debug|Any CPU
		{FE7A7814-A57D-4D15-BE98-0B48968094AF}.Debug|Any CPU.Build.0 = Debug|Any CPU
		{FE7A7814-A57D-4D15-BE98-0B48968094AF}.Release|Any CPU.ActiveCfg = Release|Any CPU
		{FE7A7814-A57D-4D15-BE98-0B48968094AF}.Release|Any CPU.Build.0 = Release|Any CPU
	EndGlobalSection
	GlobalSection(SolutionProperties) = preSolution
		HideSolutionNode = FALSE
	EndGlobalSection
	GlobalSection(ExtensibilityGlobals) = postSolution
		SolutionGuid = {2CFE25C1-050F-4262-B678-DC967B7CA3E5}
	EndGlobalSection
EndGlobal
