
Microsoft Visual Studio Solution File, Format Version 12.00
# Visual Studio Version 17
VisualStudioVersion = 17.10.34928.147
MinimumVisualStudioVersion = 10.0.40219.1
Project("{FAE04EC0-301F-11D3-BF4B-00C04F79EFBC}") = "MathGame.kjanos89", "MathGame.kjanos89\MathGame.kjanos89.csproj", "{862B437E-019A-4B26-80B0-C5C1665AC90B}"
EndProject
Global
	GlobalSection(SolutionConfigurationPlatforms) = preSolution
		Debug|Any CPU = Debug|Any CPU
		Release|Any CPU = Release|Any CPU
	EndGlobalSection
	GlobalSection(ProjectConfigurationPlatforms) = postSolution
		{862B437E-019A-4B26-80B0-C5C1665AC90B}.Debug|Any CPU.ActiveCfg = Debug|Any CPU
		{862B437E-019A-4B26-80B0-C5C1665AC90B}.Debug|Any CPU.Build.0 = Debug|Any CPU
		{862B437E-019A-4B26-80B0-C5C1665AC90B}.Release|Any CPU.ActiveCfg = Release|Any CPU
		{862B437E-019A-4B26-80B0-C5C1665AC90B}.Release|Any CPU.Build.0 = Release|Any CPU
	EndGlobalSection
	GlobalSection(SolutionProperties) = preSolution
		HideSolutionNode = FALSE
	EndGlobalSection
	GlobalSection(ExtensibilityGlobals) = postSolution
		SolutionGuid = {9448A157-CA8C-4E12-93CE-1D608EE93034}
	EndGlobalSection
EndGlobal
