
Microsoft Visual Studio Solution File, Format Version 12.00
# Visual Studio Version 17
VisualStudioVersion = 17.5.33627.172
MinimumVisualStudioVersion = 10.0.40219.1
Project("{FAE04EC0-301F-11D3-BF4B-00C04F79EFBC}") = "MathGame.UgniusFalze", "MathGame.UgniusFalze\MathGame.UgniusFalze.csproj", "{1101095B-0F50-41F8-B0EE-F50D26527DAC}"
EndProject
Global
	GlobalSection(SolutionConfigurationPlatforms) = preSolution
		Debug|Any CPU = Debug|Any CPU
		Release|Any CPU = Release|Any CPU
	EndGlobalSection
	GlobalSection(ProjectConfigurationPlatforms) = postSolution
		{1101095B-0F50-41F8-B0EE-F50D26527DAC}.Debug|Any CPU.ActiveCfg = Debug|Any CPU
		{1101095B-0F50-41F8-B0EE-F50D26527DAC}.Debug|Any CPU.Build.0 = Debug|Any CPU
		{1101095B-0F50-41F8-B0EE-F50D26527DAC}.Release|Any CPU.ActiveCfg = Release|Any CPU
		{1101095B-0F50-41F8-B0EE-F50D26527DAC}.Release|Any CPU.Build.0 = Release|Any CPU
	EndGlobalSection
	GlobalSection(SolutionProperties) = preSolution
		HideSolutionNode = FALSE
	EndGlobalSection
	GlobalSection(ExtensibilityGlobals) = postSolution
		SolutionGuid = {FBCCFAA2-18D6-40CE-A653-96D735746A1F}
	EndGlobalSection
EndGlobal
