
Microsoft Visual Studio Solution File, Format Version 12.00
# Visual Studio Version 17
VisualStudioVersion = 17.4.33213.308
MinimumVisualStudioVersion = 10.0.40219.1
Project("{FAE04EC0-301F-11D3-BF4B-00C04F79EFBC}") = "MathGame.famo7", "MathGame.famo7\MathGame.famo7.csproj", "{9A466510-4F15-43F5-9C4B-F201F259CC59}"
EndProject
Global
	GlobalSection(SolutionConfigurationPlatforms) = preSolution
		Debug|Any CPU = Debug|Any CPU
		Release|Any CPU = Release|Any CPU
	EndGlobalSection
	GlobalSection(ProjectConfigurationPlatforms) = postSolution
		{9A466510-4F15-43F5-9C4B-F201F259CC59}.Debug|Any CPU.ActiveCfg = Debug|Any CPU
		{9A466510-4F15-43F5-9C4B-F201F259CC59}.Debug|Any CPU.Build.0 = Debug|Any CPU
		{9A466510-4F15-43F5-9C4B-F201F259CC59}.Release|Any CPU.ActiveCfg = Release|Any CPU
		{9A466510-4F15-43F5-9C4B-F201F259CC59}.Release|Any CPU.Build.0 = Release|Any CPU
	EndGlobalSection
	GlobalSection(SolutionProperties) = preSolution
		HideSolutionNode = FALSE
	EndGlobalSection
	GlobalSection(ExtensibilityGlobals) = postSolution
		SolutionGuid = {75A4DC3C-BA90-4A66-94D5-409AAB5F889D}
	EndGlobalSection
EndGlobal
