
Microsoft Visual Studio Solution File, Format Version 12.00
# Visual Studio Version 17
VisualStudioVersion = 17.9.34728.123
MinimumVisualStudioVersion = 10.0.40219.1
Project("{9A19103F-16F7-4668-BE54-9A1E7A4F7556}") = "Visualised.CSharpAcademy.MathGame", "Visualised.CSharpAcademy.MathGame\Visualised.CSharpAcademy.MathGame.csproj", "{54A23B57-72FE-4C31-8895-4FD240622E28}"
EndProject
Global
	GlobalSection(SolutionConfigurationPlatforms) = preSolution
		Debug|Any CPU = Debug|Any CPU
		Release|Any CPU = Release|Any CPU
	EndGlobalSection
	GlobalSection(ProjectConfigurationPlatforms) = postSolution
		{54A23B57-72FE-4C31-8895-4FD240622E28}.Debug|Any CPU.ActiveCfg = Debug|Any CPU
		{54A23B57-72FE-4C31-8895-4FD240622E28}.Debug|Any CPU.Build.0 = Debug|Any CPU
		{54A23B57-72FE-4C31-8895-4FD240622E28}.Release|Any CPU.ActiveCfg = Release|Any CPU
		{54A23B57-72FE-4C31-8895-4FD240622E28}.Release|Any CPU.Build.0 = Release|Any CPU
	EndGlobalSection
	GlobalSection(SolutionProperties) = preSolution
		HideSolutionNode = FALSE
	EndGlobalSection
	GlobalSection(ExtensibilityGlobals) = postSolution
		SolutionGuid = {C29FFE0F-B04A-46A6-AAC3-864CD6ED4034}
	EndGlobalSection
EndGlobal
