
Microsoft Visual Studio Solution File, Format Version 12.00
# Visual Studio Version 17
VisualStudioVersion = 17.13.35931.197 d17.13
MinimumVisualStudioVersion = 10.0.40219.1
Project("{FAE04EC0-301F-11D3-BF4B-00C04F79EFBC}") = "MathGame", "MathGame.csproj", "{958D6692-BE9D-4E2E-A6C3-BBB3FFF15FF6}"
EndProject
Global
	GlobalSection(SolutionConfigurationPlatforms) = preSolution
		Debug|Any CPU = Debug|Any CPU
		Release|Any CPU = Release|Any CPU
	EndGlobalSection
	GlobalSection(ProjectConfigurationPlatforms) = postSolution
		{958D6692-BE9D-4E2E-A6C3-BBB3FFF15FF6}.Debug|Any CPU.ActiveCfg = Debug|Any CPU
		{958D6692-BE9D-4E2E-A6C3-BBB3FFF15FF6}.Debug|Any CPU.Build.0 = Debug|Any CPU
		{958D6692-BE9D-4E2E-A6C3-BBB3FFF15FF6}.Release|Any CPU.ActiveCfg = Release|Any CPU
		{958D6692-BE9D-4E2E-A6C3-BBB3FFF15FF6}.Release|Any CPU.Build.0 = Release|Any CPU
	EndGlobalSection
	GlobalSection(SolutionProperties) = preSolution
		HideSolutionNode = FALSE
	EndGlobalSection
	GlobalSection(ExtensibilityGlobals) = postSolution
		SolutionGuid = {CF687BC3-4BF2-4502-8758-FAE455653AAF}
	EndGlobalSection
EndGlobal
