
Microsoft Visual Studio Solution File, Format Version 12.00
# Visual Studio Version 17
VisualStudioVersion = 17.11.35327.3
MinimumVisualStudioVersion = 10.0.40219.1
Project("{FAE04EC0-301F-11D3-BF4B-00C04F79EFBC}") = "MathGame.TheJeanyus", "MathGame.TheJeanyus\MathGame.TheJeanyus.csproj", "{00863DDF-8B4F-4A94-A9C1-F322284849EC}"
EndProject
Global
	GlobalSection(SolutionConfigurationPlatforms) = preSolution
		Debug|Any CPU = Debug|Any CPU
		Release|Any CPU = Release|Any CPU
	EndGlobalSection
	GlobalSection(ProjectConfigurationPlatforms) = postSolution
		{00863DDF-8B4F-4A94-A9C1-F322284849EC}.Debug|Any CPU.ActiveCfg = Debug|Any CPU
		{00863DDF-8B4F-4A94-A9C1-F322284849EC}.Debug|Any CPU.Build.0 = Debug|Any CPU
		{00863DDF-8B4F-4A94-A9C1-F322284849EC}.Release|Any CPU.ActiveCfg = Release|Any CPU
		{00863DDF-8B4F-4A94-A9C1-F322284849EC}.Release|Any CPU.Build.0 = Release|Any CPU
	EndGlobalSection
	GlobalSection(SolutionProperties) = preSolution
		HideSolutionNode = FALSE
	EndGlobalSection
	GlobalSection(ExtensibilityGlobals) = postSolution
		SolutionGuid = {FAB6BC5F-5150-483D-93A7-7B59BCF33931}
	EndGlobalSection
EndGlobal
