
Microsoft Visual Studio Solution File, Format Version 12.00
# Visual Studio Version 17
VisualStudioVersion = 17.4.33213.308
MinimumVisualStudioVersion = 10.0.40219.1
Project("{FAE04EC0-301F-11D3-BF4B-00C04F79EFBC}") = "anajmowicz.MathGame", "anajmowicz.MathGame\anajmowicz.MathGame.csproj", "{9FCB64DA-F7FA-4812-9999-4B8DC0D3B193}"
EndProject
Global
	GlobalSection(SolutionConfigurationPlatforms) = preSolution
		Debug|Any CPU = Debug|Any CPU
		Release|Any CPU = Release|Any CPU
	EndGlobalSection
	GlobalSection(ProjectConfigurationPlatforms) = postSolution
		{9FCB64DA-F7FA-4812-9999-4B8DC0D3B193}.Debug|Any CPU.ActiveCfg = Debug|Any CPU
		{9FCB64DA-F7FA-4812-9999-4B8DC0D3B193}.Debug|Any CPU.Build.0 = Debug|Any CPU
		{9FCB64DA-F7FA-4812-9999-4B8DC0D3B193}.Release|Any CPU.ActiveCfg = Release|Any CPU
		{9FCB64DA-F7FA-4812-9999-4B8DC0D3B193}.Release|Any CPU.Build.0 = Release|Any CPU
	EndGlobalSection
	GlobalSection(SolutionProperties) = preSolution
		HideSolutionNode = FALSE
	EndGlobalSection
	GlobalSection(ExtensibilityGlobals) = postSolution
		SolutionGuid = {69C00C4A-D9D7-42E4-AC94-B206033043C3}
	EndGlobalSection
EndGlobal
