
Microsoft Visual Studio Solution File, Format Version 12.00
# Visual Studio Version 17
VisualStudioVersion = 17.5.33516.290
MinimumVisualStudioVersion = 10.0.40219.1
Project("{FAE04EC0-301F-11D3-BF4B-00C04F79EFBC}") = "Schnopsi.MathGame", "Schnopsi.MathGame.csproj", "{EE4A1EF3-8B26-404A-9C1B-6F181D935AB2}"
EndProject
Project("{FAE04EC0-301F-11D3-BF4B-00C04F79EFBC}") = "MathLibrary", "..\MathLibrary\MathLibrary.csproj", "{58E6963C-9C82-4F04-98F5-5BE41A7476EA}"
EndProject
Global
	GlobalSection(SolutionConfigurationPlatforms) = preSolution
		Debug|Any CPU = Debug|Any CPU
		Release|Any CPU = Release|Any CPU
	EndGlobalSection
	GlobalSection(ProjectConfigurationPlatforms) = postSolution
		{EE4A1EF3-8B26-404A-9C1B-6F181D935AB2}.Debug|Any CPU.ActiveCfg = Debug|Any CPU
		{EE4A1EF3-8B26-404A-9C1B-6F181D935AB2}.Debug|Any CPU.Build.0 = Debug|Any CPU
		{EE4A1EF3-8B26-404A-9C1B-6F181D935AB2}.Release|Any CPU.ActiveCfg = Release|Any CPU
		{EE4A1EF3-8B26-404A-9C1B-6F181D935AB2}.Release|Any CPU.Build.0 = Release|Any CPU
		{58E6963C-9C82-4F04-98F5-5BE41A7476EA}.Debug|Any CPU.ActiveCfg = Debug|Any CPU
		{58E6963C-9C82-4F04-98F5-5BE41A7476EA}.Debug|Any CPU.Build.0 = Debug|Any CPU
		{58E6963C-9C82-4F04-98F5-5BE41A7476EA}.Release|Any CPU.ActiveCfg = Release|Any CPU
		{58E6963C-9C82-4F04-98F5-5BE41A7476EA}.Release|Any CPU.Build.0 = Release|Any CPU
	EndGlobalSection
	GlobalSection(SolutionProperties) = preSolution
		HideSolutionNode = FALSE
	EndGlobalSection
	GlobalSection(ExtensibilityGlobals) = postSolution
		SolutionGuid = {638BE3B0-DBB8-4A32-A82A-6FE444E32B82}
	EndGlobalSection
EndGlobal
