
Microsoft Visual Studio Solution File, Format Version 12.00
# Visual Studio Version 17
VisualStudioVersion = 17.0.31903.59
MinimumVisualStudioVersion = 10.0.40219.1
Project("{FAE04EC0-301F-11D3-BF4B-00C04F79EFBC}") = "MathGame.javedkhan2k2", "MathGame.javedkhan2k2\MathGame.javedkhan2k2.csproj", "{CFFC6DEC-53DD-4EBB-A9B4-6212105D3F3E}"
EndProject
Global
	GlobalSection(SolutionConfigurationPlatforms) = preSolution
		Debug|Any CPU = Debug|Any CPU
		Release|Any CPU = Release|Any CPU
	EndGlobalSection
	GlobalSection(SolutionProperties) = preSolution
		HideSolutionNode = FALSE
	EndGlobalSection
	GlobalSection(ProjectConfigurationPlatforms) = postSolution
		{CFFC6DEC-53DD-4EBB-A9B4-6212105D3F3E}.Debug|Any CPU.ActiveCfg = Debug|Any CPU
		{CFFC6DEC-53DD-4EBB-A9B4-6212105D3F3E}.Debug|Any CPU.Build.0 = Debug|Any CPU
		{CFFC6DEC-53DD-4EBB-A9B4-6212105D3F3E}.Release|Any CPU.ActiveCfg = Release|Any CPU
		{CFFC6DEC-53DD-4EBB-A9B4-6212105D3F3E}.Release|Any CPU.Build.0 = Release|Any CPU
	EndGlobalSection
EndGlobal
