
Microsoft Visual Studio Solution File, Format Version 12.00
# Visual Studio Version 17
VisualStudioVersion = 17.5.33516.290
MinimumVisualStudioVersion = 10.0.40219.1
Project("{FAE04EC0-301F-11D3-BF4B-00C04F79EFBC}") = "MathGame.jwhitt3r", "MathGame.jwhitt3r\MathGame.jwhitt3r.csproj", "{DBB52EBC-4A33-4411-8AE0-EE7BD47638AD}"
EndProject
Global
	GlobalSection(SolutionConfigurationPlatforms) = preSolution
		Debug|Any CPU = Debug|Any CPU
		Release|Any CPU = Release|Any CPU
	EndGlobalSection
	GlobalSection(ProjectConfigurationPlatforms) = postSolution
		{DBB52EBC-4A33-4411-8AE0-EE7BD47638AD}.Debug|Any CPU.ActiveCfg = Debug|Any CPU
		{DBB52EBC-4A33-4411-8AE0-EE7BD47638AD}.Debug|Any CPU.Build.0 = Debug|Any CPU
		{DBB52EBC-4A33-4411-8AE0-EE7BD47638AD}.Release|Any CPU.ActiveCfg = Release|Any CPU
		{DBB52EBC-4A33-4411-8AE0-EE7BD47638AD}.Release|Any CPU.Build.0 = Release|Any CPU
	EndGlobalSection
	GlobalSection(SolutionProperties) = preSolution
		HideSolutionNode = FALSE
	EndGlobalSection
	GlobalSection(ExtensibilityGlobals) = postSolution
		SolutionGuid = {C64768EC-4387-41BD-9A6E-32D851EAB308}
	EndGlobalSection
EndGlobal
