
Microsoft Visual Studio Solution File, Format Version 12.00
# Visual Studio Version 17
VisualStudioVersion = 17.7.34024.191
MinimumVisualStudioVersion = 10.0.40219.1
Project("{FAE04EC0-301F-11D3-BF4B-00C04F79EFBC}") = "SimpleMathGame", "SimpleMathGame.csproj", "{BB8E052F-0BA2-4109-BDEF-5C6B5E285A9A}"
EndProject
Global
	GlobalSection(SolutionConfigurationPlatforms) = preSolution
		Debug|Any CPU = Debug|Any CPU
		Release|Any CPU = Release|Any CPU
	EndGlobalSection
	GlobalSection(ProjectConfigurationPlatforms) = postSolution
		{BB8E052F-0BA2-4109-BDEF-5C6B5E285A9A}.Debug|Any CPU.ActiveCfg = Debug|Any CPU
		{BB8E052F-0BA2-4109-BDEF-5C6B5E285A9A}.Debug|Any CPU.Build.0 = Debug|Any CPU
		{BB8E052F-0BA2-4109-BDEF-5C6B5E285A9A}.Release|Any CPU.ActiveCfg = Release|Any CPU
		{BB8E052F-0BA2-4109-BDEF-5C6B5E285A9A}.Release|Any CPU.Build.0 = Release|Any CPU
	EndGlobalSection
	GlobalSection(SolutionProperties) = preSolution
		HideSolutionNode = FALSE
	EndGlobalSection
	GlobalSection(ExtensibilityGlobals) = postSolution
		SolutionGuid = {EF5DB2D0-EA93-4C8C-AF8A-C6447610A864}
	EndGlobalSection
EndGlobal
