
Microsoft Visual Studio Solution File, Format Version 12.00
# Visual Studio Version 17
VisualStudioVersion = 17.7.34024.191
MinimumVisualStudioVersion = 10.0.40219.1
Project("{FAE04EC0-301F-11D3-BF4B-00C04F79EFBC}") = "MathGameV2", "MathGameV2\MathGameV2.csproj", "{1ECBDF48-0F9F-4481-9653-9664406A4279}"
EndProject
Global
	GlobalSection(SolutionConfigurationPlatforms) = preSolution
		Debug|Any CPU = Debug|Any CPU
		Release|Any CPU = Release|Any CPU
	EndGlobalSection
	GlobalSection(ProjectConfigurationPlatforms) = postSolution
		{1ECBDF48-0F9F-4481-9653-9664406A4279}.Debug|Any CPU.ActiveCfg = Debug|Any CPU
		{1ECBDF48-0F9F-4481-9653-9664406A4279}.Debug|Any CPU.Build.0 = Debug|Any CPU
		{1ECBDF48-0F9F-4481-9653-9664406A4279}.Release|Any CPU.ActiveCfg = Release|Any CPU
		{1ECBDF48-0F9F-4481-9653-9664406A4279}.Release|Any CPU.Build.0 = Release|Any CPU
	EndGlobalSection
	GlobalSection(SolutionProperties) = preSolution
		HideSolutionNode = FALSE
	EndGlobalSection
	GlobalSection(ExtensibilityGlobals) = postSolution
		SolutionGuid = {3EEFFB9E-8FCF-40F2-90BF-EEA66FE83A1B}
	EndGlobalSection
EndGlobal
