
Microsoft Visual Studio Solution File, Format Version 12.00
# Visual Studio Version 17
VisualStudioVersion = 17.14.36623.8 d17.14
MinimumVisualStudioVersion = 10.0.40219.1
Project("{FAE04EC0-301F-11D3-BF4B-00C04F79EFBC}") = "CsharpAcademy.MathGame", "CsharpAcademy.MathGame\CsharpAcademy.MathGame.csproj", "{D0847C39-2BE1-461E-96EE-3D3283A89BAB}"
EndProject
Global
	GlobalSection(SolutionConfigurationPlatforms) = preSolution
		Debug|Any CPU = Debug|Any CPU
		Release|Any CPU = Release|Any CPU
	EndGlobalSection
	GlobalSection(ProjectConfigurationPlatforms) = postSolution
		{D0847C39-2BE1-461E-96EE-3D3283A89BAB}.Debug|Any CPU.ActiveCfg = Debug|Any CPU
		{D0847C39-2BE1-461E-96EE-3D3283A89BAB}.Debug|Any CPU.Build.0 = Debug|Any CPU
		{D0847C39-2BE1-461E-96EE-3D3283A89BAB}.Release|Any CPU.ActiveCfg = Release|Any CPU
		{D0847C39-2BE1-461E-96EE-3D3283A89BAB}.Release|Any CPU.Build.0 = Release|Any CPU
	EndGlobalSection
	GlobalSection(SolutionProperties) = preSolution
		HideSolutionNode = FALSE
	EndGlobalSection
	GlobalSection(ExtensibilityGlobals) = postSolution
		SolutionGuid = {4C77D206-059B-4BA2-8BDD-7DECB422CB20}
	EndGlobalSection
EndGlobal
