
Microsoft Visual Studio Solution File, Format Version 12.00
# Visual Studio Version 17
VisualStudioVersion = 17.7.34031.279
MinimumVisualStudioVersion = 10.0.40219.1
Project("{FAE04EC0-301F-11D3-BF4B-00C04F79EFBC}") = "MyFirstProgram", "MyFirstProgram\MyFirstProgram.csproj", "{F09F1FF5-5B4B-4D8B-92FD-75CD20160030}"
EndProject
Global
	GlobalSection(SolutionConfigurationPlatforms) = preSolution
		Debug|Any CPU = Debug|Any CPU
		Release|Any CPU = Release|Any CPU
	EndGlobalSection
	GlobalSection(ProjectConfigurationPlatforms) = postSolution
		{F09F1FF5-5B4B-4D8B-92FD-75CD20160030}.Debug|Any CPU.ActiveCfg = Debug|Any CPU
		{F09F1FF5-5B4B-4D8B-92FD-75CD20160030}.Debug|Any CPU.Build.0 = Debug|Any CPU
		{F09F1FF5-5B4B-4D8B-92FD-75CD20160030}.Release|Any CPU.ActiveCfg = Release|Any CPU
		{F09F1FF5-5B4B-4D8B-92FD-75CD20160030}.Release|Any CPU.Build.0 = Release|Any CPU
	EndGlobalSection
	GlobalSection(SolutionProperties) = preSolution
		HideSolutionNode = FALSE
	EndGlobalSection
	GlobalSection(ExtensibilityGlobals) = postSolution
		SolutionGuid = {ED1EB13A-AE45-49DB-84B9-1C83C828B477}
	EndGlobalSection
EndGlobal
