
Microsoft Visual Studio Solution File, Format Version 12.00
# Visual Studio Version 17
VisualStudioVersion = 17.4.33213.308
MinimumVisualStudioVersion = 10.0.40219.1
Project("{9A19103F-16F7-4668-BE54-9A1E7A4F7556}") = "MathGameLibrary", "MathGameLibrary\MathGameLibrary.csproj", "{5A37652D-B34A-45FA-924D-3C2C441291FD}"
EndProject
Project("{9A19103F-16F7-4668-BE54-9A1E7A4F7556}") = "MathGame", "MathGame\MathGame.csproj", "{6AE45784-1E6B-4B72-9F07-D385096038D5}"
EndProject
Global
	GlobalSection(SolutionConfigurationPlatforms) = preSolution
		Debug|Any CPU = Debug|Any CPU
		Release|Any CPU = Release|Any CPU
	EndGlobalSection
	GlobalSection(ProjectConfigurationPlatforms) = postSolution
		{5A37652D-B34A-45FA-924D-3C2C441291FD}.Debug|Any CPU.ActiveCfg = Debug|Any CPU
		{5A37652D-B34A-45FA-924D-3C2C441291FD}.Debug|Any CPU.Build.0 = Debug|Any CPU
		{5A37652D-B34A-45FA-924D-3C2C441291FD}.Release|Any CPU.ActiveCfg = Release|Any CPU
		{5A37652D-B34A-45FA-924D-3C2C441291FD}.Release|Any CPU.Build.0 = Release|Any CPU
		{6AE45784-1E6B-4B72-9F07-D385096038D5}.Debug|Any CPU.ActiveCfg = Debug|Any CPU
		{6AE45784-1E6B-4B72-9F07-D385096038D5}.Debug|Any CPU.Build.0 = Debug|Any CPU
		{6AE45784-1E6B-4B72-9F07-D385096038D5}.Release|Any CPU.ActiveCfg = Release|Any CPU
		{6AE45784-1E6B-4B72-9F07-D385096038D5}.Release|Any CPU.Build.0 = Release|Any CPU
	EndGlobalSection
	GlobalSection(SolutionProperties) = preSolution
		HideSolutionNode = FALSE
	EndGlobalSection
	GlobalSection(ExtensibilityGlobals) = postSolution
		SolutionGuid = {5D064ED6-8D1E-45F0-B6EB-10296CCB6D57}
	EndGlobalSection
EndGlobal
