
Microsoft Visual Studio Solution File, Format Version 12.00
# Visual Studio Version 17
VisualStudioVersion = 17.6.33723.286
MinimumVisualStudioVersion = 10.0.40219.1
Project("{FAE04EC0-301F-11D3-BF4B-00C04F79EFBC}") = "meksMathGame.mekasu0124", "meksMathGame.mekasu0124.csproj", "{0AF066F1-8809-4E0A-A724-AD1F6BCD116E}"
EndProject
Global
	GlobalSection(SolutionConfigurationPlatforms) = preSolution
		Debug|Any CPU = Debug|Any CPU
		Release|Any CPU = Release|Any CPU
	EndGlobalSection
	GlobalSection(ProjectConfigurationPlatforms) = postSolution
		{0AF066F1-8809-4E0A-A724-AD1F6BCD116E}.Debug|Any CPU.ActiveCfg = Debug|Any CPU
		{0AF066F1-8809-4E0A-A724-AD1F6BCD116E}.Debug|Any CPU.Build.0 = Debug|Any CPU
		{0AF066F1-8809-4E0A-A724-AD1F6BCD116E}.Release|Any CPU.ActiveCfg = Release|Any CPU
		{0AF066F1-8809-4E0A-A724-AD1F6BCD116E}.Release|Any CPU.Build.0 = Release|Any CPU
	EndGlobalSection
	GlobalSection(SolutionProperties) = preSolution
		HideSolutionNode = FALSE
	EndGlobalSection
	GlobalSection(ExtensibilityGlobals) = postSolution
		SolutionGuid = {D8A91A64-D446-4E4F-9862-661AF7710919}
	EndGlobalSection
EndGlobal
