
Microsoft Visual Studio Solution File, Format Version 12.00
# Visual Studio Version 17
VisualStudioVersion = 17.6.33723.286
MinimumVisualStudioVersion = 10.0.40219.1
Project("{FAE04EC0-301F-11D3-BF4B-00C04F79EFBC}") = "MeksMathGameRewrite", "MeksMathGameRewrite.csproj", "{1AA1CAA7-F8E9-4FE3-8589-E9E2860D2719}"
EndProject
Global
	GlobalSection(SolutionConfigurationPlatforms) = preSolution
		Debug|Any CPU = Debug|Any CPU
		Release|Any CPU = Release|Any CPU
	EndGlobalSection
	GlobalSection(ProjectConfigurationPlatforms) = postSolution
		{1AA1CAA7-F8E9-4FE3-8589-E9E2860D2719}.Debug|Any CPU.ActiveCfg = Debug|Any CPU
		{1AA1CAA7-F8E9-4FE3-8589-E9E2860D2719}.Debug|Any CPU.Build.0 = Debug|Any CPU
		{1AA1CAA7-F8E9-4FE3-8589-E9E2860D2719}.Release|Any CPU.ActiveCfg = Release|Any CPU
		{1AA1CAA7-F8E9-4FE3-8589-E9E2860D2719}.Release|Any CPU.Build.0 = Release|Any CPU
	EndGlobalSection
	GlobalSection(SolutionProperties) = preSolution
		HideSolutionNode = FALSE
	EndGlobalSection
	GlobalSection(ExtensibilityGlobals) = postSolution
		SolutionGuid = {8B81409D-D6DA-4599-942A-57A46F6C12B7}
	EndGlobalSection
EndGlobal
