
Microsoft Visual Studio Solution File, Format Version 12.00
# Visual Studio Version 17
VisualStudioVersion = 17.5.002.0
MinimumVisualStudioVersion = 10.0.40219.1
Project("{9A19103F-16F7-4668-BE54-9A1E7A4F7556}") = "MathGame.N-Endy", "MathGame.N-Endy.csproj", "{DD82FE4D-C4DA-4527-8CC8-947B1031283A}"
EndProject
Global
	GlobalSection(SolutionConfigurationPlatforms) = preSolution
		Debug|Any CPU = Debug|Any CPU
		Release|Any CPU = Release|Any CPU
	EndGlobalSection
	GlobalSection(ProjectConfigurationPlatforms) = postSolution
		{DD82FE4D-C4DA-4527-8CC8-947B1031283A}.Debug|Any CPU.ActiveCfg = Debug|Any CPU
		{DD82FE4D-C4DA-4527-8CC8-947B1031283A}.Debug|Any CPU.Build.0 = Debug|Any CPU
		{DD82FE4D-C4DA-4527-8CC8-947B1031283A}.Release|Any CPU.ActiveCfg = Release|Any CPU
		{DD82FE4D-C4DA-4527-8CC8-947B1031283A}.Release|Any CPU.Build.0 = Release|Any CPU
	EndGlobalSection
	GlobalSection(SolutionProperties) = preSolution
		HideSolutionNode = FALSE
	EndGlobalSection
	GlobalSection(ExtensibilityGlobals) = postSolution
		SolutionGuid = {E0052D15-EF46-4AE1-91C3-194E4C670535}
	EndGlobalSection
EndGlobal
