
Microsoft Visual Studio Solution File, Format Version 12.00
# Visual Studio Version 17
VisualStudioVersion = 17.9.34622.214
MinimumVisualStudioVersion = 10.0.40219.1
Project("{FAE04EC0-301F-11D3-BF4B-00C04F79EFBC}") = "MyFirstProject", "MyFirstProject\MyFirstProject.csproj", "{15A698AD-7D4E-409A-A0A1-A97E7C3FD607}"
EndProject
Global
	GlobalSection(SolutionConfigurationPlatforms) = preSolution
		Debug|Any CPU = Debug|Any CPU
		Release|Any CPU = Release|Any CPU
	EndGlobalSection
	GlobalSection(ProjectConfigurationPlatforms) = postSolution
		{15A698AD-7D4E-409A-A0A1-A97E7C3FD607}.Debug|Any CPU.ActiveCfg = Debug|Any CPU
		{15A698AD-7D4E-409A-A0A1-A97E7C3FD607}.Debug|Any CPU.Build.0 = Debug|Any CPU
		{15A698AD-7D4E-409A-A0A1-A97E7C3FD607}.Release|Any CPU.ActiveCfg = Release|Any CPU
		{15A698AD-7D4E-409A-A0A1-A97E7C3FD607}.Release|Any CPU.Build.0 = Release|Any CPU
	EndGlobalSection
	GlobalSection(SolutionProperties) = preSolution
		HideSolutionNode = FALSE
	EndGlobalSection
	GlobalSection(ExtensibilityGlobals) = postSolution
		SolutionGuid = {3E3958B4-D600-473B-960F-EAB3F4465751}
	EndGlobalSection
EndGlobal
