
Microsoft Visual Studio Solution File, Format Version 12.00
# Visual Studio Version 17
VisualStudioVersion = 17.9.34728.123
MinimumVisualStudioVersion = 10.0.40219.1
Project("{FAE04EC0-301F-11D3-BF4B-00C04F79EFBC}") = "MathGame.Kriz-J", "MathGame.Kriz-J.csproj", "{A32FA75C-F4DC-4A03-B44B-4BBBF35113AD}"
EndProject
Global
	GlobalSection(SolutionConfigurationPlatforms) = preSolution
		Debug|Any CPU = Debug|Any CPU
		Release|Any CPU = Release|Any CPU
	EndGlobalSection
	GlobalSection(ProjectConfigurationPlatforms) = postSolution
		{A32FA75C-F4DC-4A03-B44B-4BBBF35113AD}.Debug|Any CPU.ActiveCfg = Debug|Any CPU
		{A32FA75C-F4DC-4A03-B44B-4BBBF35113AD}.Debug|Any CPU.Build.0 = Debug|Any CPU
		{A32FA75C-F4DC-4A03-B44B-4BBBF35113AD}.Release|Any CPU.ActiveCfg = Release|Any CPU
		{A32FA75C-F4DC-4A03-B44B-4BBBF35113AD}.Release|Any CPU.Build.0 = Release|Any CPU
	EndGlobalSection
	GlobalSection(SolutionProperties) = preSolution
		HideSolutionNode = FALSE
	EndGlobalSection
	GlobalSection(ExtensibilityGlobals) = postSolution
		SolutionGuid = {B9AD4A10-5B42-4869-9DF5-F867A4A91CB5}
	EndGlobalSection
EndGlobal
