
Microsoft Visual Studio Solution File, Format Version 12.00
# Visual Studio Version 17
VisualStudioVersion = 17.4.33122.133
MinimumVisualStudioVersion = 10.0.40219.1
Project("{FAE04EC0-301F-11D3-BF4B-00C04F79EFBC}") = "MathGame.AndreasGuy54", "MathGame.AndreasGuy54\MathGame.AndreasGuy54.csproj", "{E56D414A-B434-4123-A373-E2EDFE36CB96}"
EndProject
Global
	GlobalSection(SolutionConfigurationPlatforms) = preSolution
		Debug|Any CPU = Debug|Any CPU
		Release|Any CPU = Release|Any CPU
	EndGlobalSection
	GlobalSection(ProjectConfigurationPlatforms) = postSolution
		{E56D414A-B434-4123-A373-E2EDFE36CB96}.Debug|Any CPU.ActiveCfg = Debug|Any CPU
		{E56D414A-B434-4123-A373-E2EDFE36CB96}.Debug|Any CPU.Build.0 = Debug|Any CPU
		{E56D414A-B434-4123-A373-E2EDFE36CB96}.Release|Any CPU.ActiveCfg = Release|Any CPU
		{E56D414A-B434-4123-A373-E2EDFE36CB96}.Release|Any CPU.Build.0 = Release|Any CPU
	EndGlobalSection
	GlobalSection(SolutionProperties) = preSolution
		HideSolutionNode = FALSE
	EndGlobalSection
	GlobalSection(ExtensibilityGlobals) = postSolution
		SolutionGuid = {C594908E-F675-491A-8DEF-FBADB56E7E06}
	EndGlobalSection
EndGlobal
