
Microsoft Visual Studio Solution File, Format Version 12.00
# Visual Studio Version 17
VisualStudioVersion = 17.1.32328.378
MinimumVisualStudioVersion = 10.0.40219.1
Project("{FAE04EC0-301F-11D3-BF4B-00C04F79EFBC}") = "MathGame.Chad1082", "MathGame.Chad1082\MathGame.Chad1082.csproj", "{42A36FBD-1867-4C79-9889-99DF3E4298A5}"
EndProject
Global
	GlobalSection(SolutionConfigurationPlatforms) = preSolution
		Debug|Any CPU = Debug|Any CPU
		Release|Any CPU = Release|Any CPU
	EndGlobalSection
	GlobalSection(ProjectConfigurationPlatforms) = postSolution
		{42A36FBD-1867-4C79-9889-99DF3E4298A5}.Debug|Any CPU.ActiveCfg = Debug|Any CPU
		{42A36FBD-1867-4C79-9889-99DF3E4298A5}.Debug|Any CPU.Build.0 = Debug|Any CPU
		{42A36FBD-1867-4C79-9889-99DF3E4298A5}.Release|Any CPU.ActiveCfg = Release|Any CPU
		{42A36FBD-1867-4C79-9889-99DF3E4298A5}.Release|Any CPU.Build.0 = Release|Any CPU
	EndGlobalSection
	GlobalSection(SolutionProperties) = preSolution
		HideSolutionNode = FALSE
	EndGlobalSection
	GlobalSection(ExtensibilityGlobals) = postSolution
		SolutionGuid = {77299007-76C3-499A-B95C-698877BD66FD}
	EndGlobalSection
EndGlobal
