
Microsoft Visual Studio Solution File, Format Version 12.00
# Visual Studio Version 17
VisualStudioVersion = 17.9.34728.123
MinimumVisualStudioVersion = 10.0.40219.1
Project("{FAE04EC0-301F-11D3-BF4B-00C04F79EFBC}") = "math-console-app", "math-console-app\math-console-app.csproj", "{7615356C-9583-40AC-9F0C-D0CE8C94C6F7}"
EndProject
Global
	GlobalSection(SolutionConfigurationPlatforms) = preSolution
		Debug|Any CPU = Debug|Any CPU
		Release|Any CPU = Release|Any CPU
	EndGlobalSection
	GlobalSection(ProjectConfigurationPlatforms) = postSolution
		{7615356C-9583-40AC-9F0C-D0CE8C94C6F7}.Debug|Any CPU.ActiveCfg = Debug|Any CPU
		{7615356C-9583-40AC-9F0C-D0CE8C94C6F7}.Debug|Any CPU.Build.0 = Debug|Any CPU
		{7615356C-9583-40AC-9F0C-D0CE8C94C6F7}.Release|Any CPU.ActiveCfg = Release|Any CPU
		{7615356C-9583-40AC-9F0C-D0CE8C94C6F7}.Release|Any CPU.Build.0 = Release|Any CPU
	EndGlobalSection
	GlobalSection(SolutionProperties) = preSolution
		HideSolutionNode = FALSE
	EndGlobalSection
	GlobalSection(ExtensibilityGlobals) = postSolution
		SolutionGuid = {69AC885B-81DA-49A1-9CF6-23C9310B2501}
	EndGlobalSection
EndGlobal
