
Microsoft Visual Studio Solution File, Format Version 12.00
# Visual Studio Version 17
VisualStudioVersion = 17.5.33530.505
MinimumVisualStudioVersion = 10.0.40219.1
Project("{FAE04EC0-301F-11D3-BF4B-00C04F79EFBC}") = "mathGame.batista92", "mathGame.batista92\mathGame.batista92.csproj", "{775B3E7A-8E3D-44D8-89F0-29DAB5EF36B1}"
EndProject
Global
	GlobalSection(SolutionConfigurationPlatforms) = preSolution
		Debug|Any CPU = Debug|Any CPU
		Release|Any CPU = Release|Any CPU
	EndGlobalSection
	GlobalSection(ProjectConfigurationPlatforms) = postSolution
		{775B3E7A-8E3D-44D8-89F0-29DAB5EF36B1}.Debug|Any CPU.ActiveCfg = Debug|Any CPU
		{775B3E7A-8E3D-44D8-89F0-29DAB5EF36B1}.Debug|Any CPU.Build.0 = Debug|Any CPU
		{775B3E7A-8E3D-44D8-89F0-29DAB5EF36B1}.Release|Any CPU.ActiveCfg = Release|Any CPU
		{775B3E7A-8E3D-44D8-89F0-29DAB5EF36B1}.Release|Any CPU.Build.0 = Release|Any CPU
	EndGlobalSection
	GlobalSection(SolutionProperties) = preSolution
		HideSolutionNode = FALSE
	EndGlobalSection
	GlobalSection(ExtensibilityGlobals) = postSolution
		SolutionGuid = {9B679F7B-93EB-4CFE-90B5-B49F15287EC1}
	EndGlobalSection
EndGlobal
