
Microsoft Visual Studio Solution File, Format Version 12.00
# Visual Studio Version 17
VisualStudioVersion = 17.14.36202.13 d17.14
MinimumVisualStudioVersion = 10.0.40219.1
Project("{FAE04EC0-301F-11D3-BF4B-00C04F79EFBC}") = "Console.MathGame.IVIacqueen", "Console.MathGame.IVIacqueen\Console.MathGame.IVIacqueen.csproj", "{C47B634F-2A9B-4684-9911-84BEFDB28D4A}"
EndProject
Global
	GlobalSection(SolutionConfigurationPlatforms) = preSolution
		Debug|Any CPU = Debug|Any CPU
		Release|Any CPU = Release|Any CPU
	EndGlobalSection
	GlobalSection(ProjectConfigurationPlatforms) = postSolution
		{C47B634F-2A9B-4684-9911-84BEFDB28D4A}.Debug|Any CPU.ActiveCfg = Debug|Any CPU
		{C47B634F-2A9B-4684-9911-84BEFDB28D4A}.Debug|Any CPU.Build.0 = Debug|Any CPU
		{C47B634F-2A9B-4684-9911-84BEFDB28D4A}.Release|Any CPU.ActiveCfg = Release|Any CPU
		{C47B634F-2A9B-4684-9911-84BEFDB28D4A}.Release|Any CPU.Build.0 = Release|Any CPU
	EndGlobalSection
	GlobalSection(SolutionProperties) = preSolution
		HideSolutionNode = FALSE
	EndGlobalSection
	GlobalSection(ExtensibilityGlobals) = postSolution
		SolutionGuid = {A27670C1-123D-4B3C-8E9D-6BDAD59E2ABC}
	EndGlobalSection
EndGlobal
