
Microsoft Visual Studio Solution File, Format Version 12.00
# Visual Studio Version 17
VisualStudioVersion = 17.5.33627.172
MinimumVisualStudioVersion = 10.0.40219.1
Project("{FAE04EC0-301F-11D3-BF4B-00C04F79EFBC}") = "MathGame.gmonestere", "MathGame.gmonestere\MathGame.gmonestere.csproj", "{C954A3DC-1C40-4720-9ECF-1F7873C55D4A}"
EndProject
Global
	GlobalSection(SolutionConfigurationPlatforms) = preSolution
		Debug|Any CPU = Debug|Any CPU
		Release|Any CPU = Release|Any CPU
	EndGlobalSection
	GlobalSection(ProjectConfigurationPlatforms) = postSolution
		{C954A3DC-1C40-4720-9ECF-1F7873C55D4A}.Debug|Any CPU.ActiveCfg = Debug|Any CPU
		{C954A3DC-1C40-4720-9ECF-1F7873C55D4A}.Debug|Any CPU.Build.0 = Debug|Any CPU
		{C954A3DC-1C40-4720-9ECF-1F7873C55D4A}.Release|Any CPU.ActiveCfg = Release|Any CPU
		{C954A3DC-1C40-4720-9ECF-1F7873C55D4A}.Release|Any CPU.Build.0 = Release|Any CPU
	EndGlobalSection
	GlobalSection(SolutionProperties) = preSolution
		HideSolutionNode = FALSE
	EndGlobalSection
	GlobalSection(ExtensibilityGlobals) = postSolution
		SolutionGuid = {E419A6BE-0503-45E3-83A5-843314B37FD3}
	EndGlobalSection
EndGlobal
