
Microsoft Visual Studio Solution File, Format Version 12.00
# Visual Studio Version 17
VisualStudioVersion = 17.7.34031.279
MinimumVisualStudioVersion = 10.0.40219.1
Project("{FAE04EC0-301F-11D3-BF4B-00C04F79EFBC}") = "MathApp.Forser", "MathApp.Forser.csproj", "{B450A8B3-15BB-4858-9E7C-532A212E9606}"
EndProject
Global
	GlobalSection(SolutionConfigurationPlatforms) = preSolution
		Debug|Any CPU = Debug|Any CPU
		Release|Any CPU = Release|Any CPU
	EndGlobalSection
	GlobalSection(ProjectConfigurationPlatforms) = postSolution
		{B450A8B3-15BB-4858-9E7C-532A212E9606}.Debug|Any CPU.ActiveCfg = Debug|Any CPU
		{B450A8B3-15BB-4858-9E7C-532A212E9606}.Debug|Any CPU.Build.0 = Debug|Any CPU
		{B450A8B3-15BB-4858-9E7C-532A212E9606}.Release|Any CPU.ActiveCfg = Release|Any CPU
		{B450A8B3-15BB-4858-9E7C-532A212E9606}.Release|Any CPU.Build.0 = Release|Any CPU
	EndGlobalSection
	GlobalSection(SolutionProperties) = preSolution
		HideSolutionNode = FALSE
	EndGlobalSection
	GlobalSection(ExtensibilityGlobals) = postSolution
		SolutionGuid = {53CEFBCB-C0DC-421B-B5AB-B9B841498BFE}
	EndGlobalSection
EndGlobal
