
Microsoft Visual Studio Solution File, Format Version 12.00
# Visual Studio Version 17
VisualStudioVersion = 17.5.33502.453
MinimumVisualStudioVersion = 10.0.40219.1
Project("{FAE04EC0-301F-11D3-BF4B-00C04F79EFBC}") = "MathGameLibrary.sadklouds", "MathGameLibrary.sadklouds\MathGameLibrary.sadklouds.csproj", "{EFE88223-0B64-4CED-9E76-575C05569714}"
EndProject
Project("{FAE04EC0-301F-11D3-BF4B-00C04F79EFBC}") = "ConsoleUI", "ConsoleUI\ConsoleUI.csproj", "{19666D93-F8F3-40FA-AF95-6CBD7D9EB2C9}"
EndProject
Global
	GlobalSection(SolutionConfigurationPlatforms) = preSolution
		Debug|Any CPU = Debug|Any CPU
		Release|Any CPU = Release|Any CPU
	EndGlobalSection
	GlobalSection(ProjectConfigurationPlatforms) = postSolution
		{EFE88223-0B64-4CED-9E76-575C05569714}.Debug|Any CPU.ActiveCfg = Debug|Any CPU
		{EFE88223-0B64-4CED-9E76-575C05569714}.Debug|Any CPU.Build.0 = Debug|Any CPU
		{EFE88223-0B64-4CED-9E76-575C05569714}.Release|Any CPU.ActiveCfg = Release|Any CPU
		{EFE88223-0B64-4CED-9E76-575C05569714}.Release|Any CPU.Build.0 = Release|Any CPU
		{19666D93-F8F3-40FA-AF95-6CBD7D9EB2C9}.Debug|Any CPU.ActiveCfg = Debug|Any CPU
		{19666D93-F8F3-40FA-AF95-6CBD7D9EB2C9}.Debug|Any CPU.Build.0 = Debug|Any CPU
		{19666D93-F8F3-40FA-AF95-6CBD7D9EB2C9}.Release|Any CPU.ActiveCfg = Release|Any CPU
		{19666D93-F8F3-40FA-AF95-6CBD7D9EB2C9}.Release|Any CPU.Build.0 = Release|Any CPU
	EndGlobalSection
	GlobalSection(SolutionProperties) = preSolution
		HideSolutionNode = FALSE
	EndGlobalSection
	GlobalSection(ExtensibilityGlobals) = postSolution
		SolutionGuid = {1889E4BE-0E58-413D-A8E1-8DC37830C937}
	EndGlobalSection
EndGlobal
