
Microsoft Visual Studio Solution File, Format Version 12.00
# Visual Studio Version 17
VisualStudioVersion = 17.5.002.0
MinimumVisualStudioVersion = 10.0.40219.1
Project("{9A19103F-16F7-4668-BE54-9A1E7A4F7556}") = "Math Game", "Math Game.csproj", "{7A45E34A-562E-46E7-A9E3-15394BE5C258}"
EndProject
Global
	GlobalSection(SolutionConfigurationPlatforms) = preSolution
		Debug|Any CPU = Debug|Any CPU
		Release|Any CPU = Release|Any CPU
	EndGlobalSection
	GlobalSection(ProjectConfigurationPlatforms) = postSolution
		{7A45E34A-562E-46E7-A9E3-15394BE5C258}.Debug|Any CPU.ActiveCfg = Debug|Any CPU
		{7A45E34A-562E-46E7-A9E3-15394BE5C258}.Debug|Any CPU.Build.0 = Debug|Any CPU
		{7A45E34A-562E-46E7-A9E3-15394BE5C258}.Release|Any CPU.ActiveCfg = Release|Any CPU
		{7A45E34A-562E-46E7-A9E3-15394BE5C258}.Release|Any CPU.Build.0 = Release|Any CPU
	EndGlobalSection
	GlobalSection(SolutionProperties) = preSolution
		HideSolutionNode = FALSE
	EndGlobalSection
	GlobalSection(ExtensibilityGlobals) = postSolution
		SolutionGuid = {C047A82F-1F23-4B7D-8735-C2CC6A67B43F}
	EndGlobalSection
EndGlobal
