
Microsoft Visual Studio Solution File, Format Version 12.00
# Visual Studio Version 17
VisualStudioVersion = 17.10.35013.160
MinimumVisualStudioVersion = 10.0.40219.1
Project("{FAE04EC0-301F-11D3-BF4B-00C04F79EFBC}") = "Console.MathGame.cjc-sweatbox", "Console.MathGame.cjc-sweatbox\Console.MathGame.cjc-sweatbox.csproj", "{AB0E7978-0F1E-42C3-A0A8-8A53F8226777}"
EndProject
Global
	GlobalSection(SolutionConfigurationPlatforms) = preSolution
		Debug|Any CPU = Debug|Any CPU
		Release|Any CPU = Release|Any CPU
	EndGlobalSection
	GlobalSection(ProjectConfigurationPlatforms) = postSolution
		{AB0E7978-0F1E-42C3-A0A8-8A53F8226777}.Debug|Any CPU.ActiveCfg = Debug|Any CPU
		{AB0E7978-0F1E-42C3-A0A8-8A53F8226777}.Debug|Any CPU.Build.0 = Debug|Any CPU
		{AB0E7978-0F1E-42C3-A0A8-8A53F8226777}.Release|Any CPU.ActiveCfg = Release|Any CPU
		{AB0E7978-0F1E-42C3-A0A8-8A53F8226777}.Release|Any CPU.Build.0 = Release|Any CPU
	EndGlobalSection
	GlobalSection(SolutionProperties) = preSolution
		HideSolutionNode = FALSE
	EndGlobalSection
	GlobalSection(ExtensibilityGlobals) = postSolution
		SolutionGuid = {B49A5498-28C8-407D-B7A9-14EC41A4C288}
	EndGlobalSection
EndGlobal
