
Microsoft Visual Studio Solution File, Format Version 12.00
# Visual Studio Version 17
VisualStudioVersion = 17.7.34221.43
MinimumVisualStudioVersion = 10.0.40219.1
Project("{FAE04EC0-301F-11D3-BF4B-00C04F79EFBC}") = "MathGame.nwdorian", "MathGame.nwdorian\MathGame.nwdorian.csproj", "{1F18B3AA-B1CE-47FA-8B8E-93EF9FCCD15A}"
EndProject
Global
	GlobalSection(SolutionConfigurationPlatforms) = preSolution
		Debug|Any CPU = Debug|Any CPU
		Release|Any CPU = Release|Any CPU
	EndGlobalSection
	GlobalSection(ProjectConfigurationPlatforms) = postSolution
		{1F18B3AA-B1CE-47FA-8B8E-93EF9FCCD15A}.Debug|Any CPU.ActiveCfg = Debug|Any CPU
		{1F18B3AA-B1CE-47FA-8B8E-93EF9FCCD15A}.Debug|Any CPU.Build.0 = Debug|Any CPU
		{1F18B3AA-B1CE-47FA-8B8E-93EF9FCCD15A}.Release|Any CPU.ActiveCfg = Release|Any CPU
		{1F18B3AA-B1CE-47FA-8B8E-93EF9FCCD15A}.Release|Any CPU.Build.0 = Release|Any CPU
	EndGlobalSection
	GlobalSection(SolutionProperties) = preSolution
		HideSolutionNode = FALSE
	EndGlobalSection
	GlobalSection(ExtensibilityGlobals) = postSolution
		SolutionGuid = {2AE4E09A-FC8C-4C2F-BCE9-9197847FEB25}
	EndGlobalSection
EndGlobal
