
Microsoft Visual Studio Solution File, Format Version 12.00
# Visual Studio Version 17
VisualStudioVersion = 17.10.35013.160
MinimumVisualStudioVersion = 10.0.40219.1
Project("{FAE04EC0-301F-11D3-BF4B-00C04F79EFBC}") = "MathGame.gsharshavardhan", "MathGame.gsharshavardhan\MathGame.gsharshavardhan.csproj", "{0BA59270-BDA3-4902-8D97-B2250D64E555}"
EndProject
Global
	GlobalSection(SolutionConfigurationPlatforms) = preSolution
		Debug|Any CPU = Debug|Any CPU
		Release|Any CPU = Release|Any CPU
	EndGlobalSection
	GlobalSection(ProjectConfigurationPlatforms) = postSolution
		{0BA59270-BDA3-4902-8D97-B2250D64E555}.Debug|Any CPU.ActiveCfg = Debug|Any CPU
		{0BA59270-BDA3-4902-8D97-B2250D64E555}.Debug|Any CPU.Build.0 = Debug|Any CPU
		{0BA59270-BDA3-4902-8D97-B2250D64E555}.Release|Any CPU.ActiveCfg = Release|Any CPU
		{0BA59270-BDA3-4902-8D97-B2250D64E555}.Release|Any CPU.Build.0 = Release|Any CPU
	EndGlobalSection
	GlobalSection(SolutionProperties) = preSolution
		HideSolutionNode = FALSE
	EndGlobalSection
	GlobalSection(ExtensibilityGlobals) = postSolution
		SolutionGuid = {4DB11BE7-D293-4B7A-81E4-581C7AABCF9F}
	EndGlobalSection
EndGlobal
