
Microsoft Visual Studio Solution File, Format Version 12.00
# Visual Studio Version 17
VisualStudioVersion = 17.7.34202.233
MinimumVisualStudioVersion = 10.0.40219.1
Project("{FAE04EC0-301F-11D3-BF4B-00C04F79EFBC}") = "MathGameGustavo", "MathGameGustavo\MathGameGustavo.csproj", "{06A1762A-6A90-43A5-A412-267F87E96BF1}"
EndProject
Global
	GlobalSection(SolutionConfigurationPlatforms) = preSolution
		Debug|Any CPU = Debug|Any CPU
		Release|Any CPU = Release|Any CPU
	EndGlobalSection
	GlobalSection(ProjectConfigurationPlatforms) = postSolution
		{06A1762A-6A90-43A5-A412-267F87E96BF1}.Debug|Any CPU.ActiveCfg = Debug|Any CPU
		{06A1762A-6A90-43A5-A412-267F87E96BF1}.Debug|Any CPU.Build.0 = Debug|Any CPU
		{06A1762A-6A90-43A5-A412-267F87E96BF1}.Release|Any CPU.ActiveCfg = Release|Any CPU
		{06A1762A-6A90-43A5-A412-267F87E96BF1}.Release|Any CPU.Build.0 = Release|Any CPU
	EndGlobalSection
	GlobalSection(SolutionProperties) = preSolution
		HideSolutionNode = FALSE
	EndGlobalSection
	GlobalSection(ExtensibilityGlobals) = postSolution
		SolutionGuid = {44A28794-4894-4123-887B-1B59F80186C6}
	EndGlobalSection
EndGlobal
